// !$*UTF8*$!
{
	archiveVersion = 1;
	classes = {
	};
	objectVersion = 46;
	objects = {

/* Begin PBXBuildFile section */
		314A6C7236354189A46E252F /* libPods-test.a in Frameworks */ = {isa = PBXBuildFile; fileRef = FCAF943180214A46BE940C0E /* libPods-test.a */; };
		9807DF74FCE84807AA7A905A /* libPods.a in Frameworks */ = {isa = PBXBuildFile; fileRef = D0A9D9C4BB3D41BCA4100D6F /* libPods.a */; };
		BE01AA7416B7FF3000982D27 /* MobileCoreServices.framework in Frameworks */ = {isa = PBXBuildFile; fileRef = BE01AA7216B7FF0800982D27 /* MobileCoreServices.framework */; };
		BE01AA7516B7FF3500982D27 /* SystemConfiguration.framework in Frameworks */ = {isa = PBXBuildFile; fileRef = BE01AA7016B7FEE500982D27 /* SystemConfiguration.framework */; };
		BE06A4C016B6E54900F345F8 /* Foundation.framework in Frameworks */ = {isa = PBXBuildFile; fileRef = BE06A4BF16B6E54900F345F8 /* Foundation.framework */; };
		BE06A4C516B6E54900F345F8 /* CSAPI.h in CopyFiles */ = {isa = PBXBuildFile; fileRef = BE06A4C416B6E54900F345F8 /* CSAPI.h */; };
		BE06A4C716B6E54900F345F8 /* CSAPI.m in Sources */ = {isa = PBXBuildFile; fileRef = BE06A4C616B6E54900F345F8 /* CSAPI.m */; };
		BE06A4CF16B6E54A00F345F8 /* SenTestingKit.framework in Frameworks */ = {isa = PBXBuildFile; fileRef = BE06A4CE16B6E54A00F345F8 /* SenTestingKit.framework */; };
		BE06A4D116B6E54A00F345F8 /* UIKit.framework in Frameworks */ = {isa = PBXBuildFile; fileRef = BE06A4D016B6E54A00F345F8 /* UIKit.framework */; };
		BE06A4D216B6E54A00F345F8 /* Foundation.framework in Frameworks */ = {isa = PBXBuildFile; fileRef = BE06A4BF16B6E54900F345F8 /* Foundation.framework */; };
		BE06A4D516B6E54A00F345F8 /* libCSApi.a in Frameworks */ = {isa = PBXBuildFile; fileRef = BE06A4BC16B6E54900F345F8 /* libCSApi.a */; };
		BE06A4DB16B6E54A00F345F8 /* InfoPlist.strings in Resources */ = {isa = PBXBuildFile; fileRef = BE06A4D916B6E54A00F345F8 /* InfoPlist.strings */; };
		BE06A4DE16B6E54A00F345F8 /* CSApiTests.m in Sources */ = {isa = PBXBuildFile; fileRef = BE06A4DD16B6E54A00F345F8 /* CSApiTests.m */; };
		BE0D502516C2C4B2005A1DC1 /* CSUserDefaultsAPIStore.m in Sources */ = {isa = PBXBuildFile; fileRef = BE0D502416C2C4B2005A1DC1 /* CSUserDefaultsAPIStore.m */; };
		BE0D502816C2C527005A1DC1 /* CSUserDefaultsAPIStoreTests.m in Sources */ = {isa = PBXBuildFile; fileRef = BE0D502716C2C527005A1DC1 /* CSUserDefaultsAPIStoreTests.m */; };
		BE480BA817258B690022216B /* CSPrice.m in Sources */ = {isa = PBXBuildFile; fileRef = BE480BA717258B690022216B /* CSPrice.m */; };
		BE480BAB17258D9A0022216B /* CSPriceListPage.m in Sources */ = {isa = PBXBuildFile; fileRef = BE480BAA17258D9A0022216B /* CSPriceListPage.m */; };
		BE480BAE17258DB90022216B /* CSPriceList.m in Sources */ = {isa = PBXBuildFile; fileRef = BE480BAD17258DB90022216B /* CSPriceList.m */; };
		BE480BB1172593830022216B /* CSPriceTest.m in Sources */ = {isa = PBXBuildFile; fileRef = BE480BB0172593830022216B /* CSPriceTest.m */; };
		BE480BB3172685D00022216B /* retailer_81.json in Resources */ = {isa = PBXBuildFile; fileRef = BE480BB2172685D00022216B /* retailer_81.json */; };
		BE4B14A716B9722A00BDDD08 /* user_post_response.json in Resources */ = {isa = PBXBuildFile; fileRef = BE4B14A616B9722A00BDDD08 /* user_post_response.json */; };
		BE4B14AA16B9727300BDDD08 /* TestFixtures.m in Sources */ = {isa = PBXBuildFile; fileRef = BE4B14A916B9727300BDDD08 /* TestFixtures.m */; };
		BE558E9E174CD3A7009FA3DA /* Security.framework in Frameworks */ = {isa = PBXBuildFile; fileRef = BE558E9D174CD3A7009FA3DA /* Security.framework */; };
		BE558EA1174D0B4A009FA3DA /* CSCategoryTests.m in Sources */ = {isa = PBXBuildFile; fileRef = BE558EA0174D0B4A009FA3DA /* CSCategoryTests.m */; };
		BE558EA5174D0BDE009FA3DA /* CSCategory.m in Sources */ = {isa = PBXBuildFile; fileRef = BE558EA4174D0BDE009FA3DA /* CSCategory.m */; };
		BE558EA9174D0E80009FA3DA /* category.json in Resources */ = {isa = PBXBuildFile; fileRef = BE558EA8174D0E80009FA3DA /* category.json */; };
		BE558EAB174D1083009FA3DA /* categories.json in Resources */ = {isa = PBXBuildFile; fileRef = BE558EAA174D1083009FA3DA /* categories.json */; };
		BE558EAE174D1591009FA3DA /* CSCategoryListPage.m in Sources */ = {isa = PBXBuildFile; fileRef = BE558EAD174D1591009FA3DA /* CSCategoryListPage.m */; };
		BE558EB1174D1612009FA3DA /* CSCategoryList.m in Sources */ = {isa = PBXBuildFile; fileRef = BE558EB0174D1612009FA3DA /* CSCategoryList.m */; };
		BE57713F16B98EFF002F42E4 /* user_post_response_with_reference_and_meta.json in Resources */ = {isa = PBXBuildFile; fileRef = BE57713E16B98EFF002F42E4 /* user_post_response_with_reference_and_meta.json */; };
		BE57714716BA7F89002F42E4 /* CSBasicCredential.m in Sources */ = {isa = PBXBuildFile; fileRef = BE57714616BA7F89002F42E4 /* CSBasicCredential.m */; };
		BE57714A16BA8066002F42E4 /* CSHALRepresentation.m in Sources */ = {isa = PBXBuildFile; fileRef = BE57714916BA8066002F42E4 /* CSHALRepresentation.m */; };
		BE57714E16BA8FFA002F42E4 /* TestAPIStore.m in Sources */ = {isa = PBXBuildFile; fileRef = BE57714D16BA8FFA002F42E4 /* TestAPIStore.m */; };
		BE57715116BA9073002F42E4 /* CSApiLoginTests.m in Sources */ = {isa = PBXBuildFile; fileRef = BE57715016BA9073002F42E4 /* CSApiLoginTests.m */; };
		BE57715316BABC69002F42E4 /* user_get_response.json in Resources */ = {isa = PBXBuildFile; fileRef = BE57715216BABC69002F42E4 /* user_get_response.json */; };
		BE57715616BAD046002F42E4 /* TestConstants.m in Sources */ = {isa = PBXBuildFile; fileRef = BE57715516BAD046002F42E4 /* TestConstants.m */; };
		BE57715A16BAD163002F42E4 /* CSAPITestCase.m in Sources */ = {isa = PBXBuildFile; fileRef = BE57715816BAD162002F42E4 /* CSAPITestCase.m */; };
		BE5D4C0A16EE48F20096FFFF /* CSPictureListPage.m in Sources */ = {isa = PBXBuildFile; fileRef = BE5D4C0916EE48F20096FFFF /* CSPictureListPage.m */; };
		BE5D4C0D16EE49740096FFFF /* CSPictureList.m in Sources */ = {isa = PBXBuildFile; fileRef = BE5D4C0C16EE49740096FFFF /* CSPictureList.m */; };
		BE5D4C1016EE553A0096FFFF /* productsummary.json in Resources */ = {isa = PBXBuildFile; fileRef = BE5D4C0F16EE553A0096FFFF /* productsummary.json */; };
		BE5D4C1316EE55A90096FFFF /* CSProductSummary.m in Sources */ = {isa = PBXBuildFile; fileRef = BE5D4C1216EE55A90096FFFF /* CSProductSummary.m */; };
		BE5D4C1616F37BA70096FFFF /* CSProductSummaryListPage.m in Sources */ = {isa = PBXBuildFile; fileRef = BE5D4C1516F37BA70096FFFF /* CSProductSummaryListPage.m */; };
		BE5D4C1916F37C170096FFFF /* CSProductSummaryList.m in Sources */ = {isa = PBXBuildFile; fileRef = BE5D4C1816F37C170096FFFF /* CSProductSummaryList.m */; };
		BE5D4C1C16F381950096FFFF /* CSProductSummaryTests.m in Sources */ = {isa = PBXBuildFile; fileRef = BE5D4C1B16F381940096FFFF /* CSProductSummaryTests.m */; };
		BE62341016D662530062A4D8 /* likes_page_0_embedded.json in Resources */ = {isa = PBXBuildFile; fileRef = BE62340F16D662530062A4D8 /* likes_page_0_embedded.json */; };
		BE62341216D6628D0062A4D8 /* likes_page_1_embedded.json in Resources */ = {isa = PBXBuildFile; fileRef = BE62341116D6628D0062A4D8 /* likes_page_1_embedded.json */; };
		BE62341416D662B60062A4D8 /* likes_page_2_embedded.json in Resources */ = {isa = PBXBuildFile; fileRef = BE62341316D662B60062A4D8 /* likes_page_2_embedded.json */; };
		BE68DA8D16D62B64008ED350 /* CSApiUserLikeTests.m in Sources */ = {isa = PBXBuildFile; fileRef = BE68DA8C16D62B64008ED350 /* CSApiUserLikeTests.m */; };
		BE6BF3F117183C11004B6D85 /* product.json in Resources */ = {isa = PBXBuildFile; fileRef = BE6BF3F017183C11004B6D85 /* product.json */; };
		BE6BF3F517183CCF004B6D85 /* CSProduct.m in Sources */ = {isa = PBXBuildFile; fileRef = BE6BF3F417183CCF004B6D85 /* CSProduct.m */; };
		BE6BF3F717185103004B6D85 /* CSProductTests.m in Sources */ = {isa = PBXBuildFile; fileRef = BE6BF3F617185103004B6D85 /* CSProductTests.m */; };
		BE6BF3F8171864D6004B6D85 /* MobileCoreServices.framework in Frameworks */ = {isa = PBXBuildFile; fileRef = BE01AA7216B7FF0800982D27 /* MobileCoreServices.framework */; };
		BE6BF3F9171864DC004B6D85 /* SystemConfiguration.framework in Frameworks */ = {isa = PBXBuildFile; fileRef = BE01AA7016B7FEE500982D27 /* SystemConfiguration.framework */; };
		BE78D15816E5FA4500DAE148 /* CSImageTests.m in Sources */ = {isa = PBXBuildFile; fileRef = BE78D15716E5FA4500DAE148 /* CSImageTests.m */; };
		BE78D15B16E5FAC400DAE148 /* CSImage.m in Sources */ = {isa = PBXBuildFile; fileRef = BE78D15A16E5FAC400DAE148 /* CSImage.m */; };
		BE78D15D16E6001900DAE148 /* image.json in Resources */ = {isa = PBXBuildFile; fileRef = BE78D15C16E6001900DAE148 /* image.json */; };
		BE78D16416E602AE00DAE148 /* CSImageList.m in Sources */ = {isa = PBXBuildFile; fileRef = BE78D15F16E601CB00DAE148 /* CSImageList.m */; };
		BE78D16A16E604A700DAE148 /* CSPicture.m in Sources */ = {isa = PBXBuildFile; fileRef = BE78D16916E604A700DAE148 /* CSPicture.m */; };
		BE78D16C16E6092300DAE148 /* picture.json in Resources */ = {isa = PBXBuildFile; fileRef = BE78D16B16E6092300DAE148 /* picture.json */; };
		BE78D16E16E60F8F00DAE148 /* retailer.json in Resources */ = {isa = PBXBuildFile; fileRef = BE78D16D16E60F8F00DAE148 /* retailer.json */; };
		BE78D17116E6102B00DAE148 /* CSRetailerTests.m in Sources */ = {isa = PBXBuildFile; fileRef = BE78D17016E6102B00DAE148 /* CSRetailerTests.m */; };
		BE7E6E7F16D7D0D6000AA883 /* NSError+CSExtension.m in Sources */ = {isa = PBXBuildFile; fileRef = BE7E6E7E16D7D0D6000AA883 /* NSError+CSExtension.m */; };
		BE7E6E8316D7D17C000AA883 /* CSCredentialEntity.m in Sources */ = {isa = PBXBuildFile; fileRef = BE7E6E8216D7D17C000AA883 /* CSCredentialEntity.m */; };
		BE7E6E8616D7D235000AA883 /* CSApplication.m in Sources */ = {isa = PBXBuildFile; fileRef = BE7E6E8516D7D235000AA883 /* CSApplication.m */; };
		BE7E6E8916D7D2C6000AA883 /* CSMutableUser.m in Sources */ = {isa = PBXBuildFile; fileRef = BE7E6E8816D7D2C6000AA883 /* CSMutableUser.m */; };
		BE7E6E8C16D7D397000AA883 /* CSUser.m in Sources */ = {isa = PBXBuildFile; fileRef = BE7E6E8B16D7D397000AA883 /* CSUser.m */; };
		BE7E6E8F16D7D48E000AA883 /* CSMutableLike.m in Sources */ = {isa = PBXBuildFile; fileRef = BE7E6E8E16D7D48E000AA883 /* CSMutableLike.m */; };
		BE7E6E9216D7D536000AA883 /* CSLike.m in Sources */ = {isa = PBXBuildFile; fileRef = BE7E6E9116D7D536000AA883 /* CSLike.m */; };
		BE7E6E9516D7D5ED000AA883 /* CSRetailer.m in Sources */ = {isa = PBXBuildFile; fileRef = BE7E6E9416D7D5EC000AA883 /* CSRetailer.m */; };
		BE7E6E9816D7D695000AA883 /* CSListPage.m in Sources */ = {isa = PBXBuildFile; fileRef = BE7E6E9716D7D694000AA883 /* CSListPage.m */; };
		BE7E6E9B16D7D723000AA883 /* CSListItem.m in Sources */ = {isa = PBXBuildFile; fileRef = BE7E6E9A16D7D723000AA883 /* CSListItem.m */; };
		BE7E6E9E16D7D777000AA883 /* CSLinkListItem.m in Sources */ = {isa = PBXBuildFile; fileRef = BE7E6E9D16D7D777000AA883 /* CSLinkListItem.m */; };
		BE7E6EA116D7D7D9000AA883 /* CSResourceListItem.m in Sources */ = {isa = PBXBuildFile; fileRef = BE7E6EA016D7D7D8000AA883 /* CSResourceListItem.m */; };
		BE7E6EA416D7D872000AA883 /* CSRetailerListPage.m in Sources */ = {isa = PBXBuildFile; fileRef = BE7E6EA316D7D871000AA883 /* CSRetailerListPage.m */; };
		BE7E6EA716D7D8C0000AA883 /* CSLikeListPage.m in Sources */ = {isa = PBXBuildFile; fileRef = BE7E6EA616D7D8C0000AA883 /* CSLikeListPage.m */; };
		BE7E6EAA16D7D90D000AA883 /* CSList.m in Sources */ = {isa = PBXBuildFile; fileRef = BE7E6EA916D7D90D000AA883 /* CSList.m */; };
		BE7E6EAD16D7D971000AA883 /* CSRetailerList.m in Sources */ = {isa = PBXBuildFile; fileRef = BE7E6EAC16D7D971000AA883 /* CSRetailerList.m */; };
		BE7E6EB016D7D9C4000AA883 /* CSLikeList.m in Sources */ = {isa = PBXBuildFile; fileRef = BE7E6EAF16D7D9C4000AA883 /* CSLikeList.m */; };
		BE7E6EB316D7DF1E000AA883 /* CSMutableGroup.m in Sources */ = {isa = PBXBuildFile; fileRef = BE7E6EB216D7DF1E000AA883 /* CSMutableGroup.m */; };
		BE7E6EB616D7E09D000AA883 /* CSGroup.m in Sources */ = {isa = PBXBuildFile; fileRef = BE7E6EB516D7E09D000AA883 /* CSGroup.m */; };
		BE7E6EB916D7E4CA000AA883 /* CSGroupListPage.m in Sources */ = {isa = PBXBuildFile; fileRef = BE7E6EB816D7E4CA000AA883 /* CSGroupListPage.m */; };
		BE7E6EBF16DB6FD9000AA883 /* CSGroupTests.m in Sources */ = {isa = PBXBuildFile; fileRef = BE7E6EBE16DB6FD9000AA883 /* CSGroupTests.m */; };
		BE7E6EC216DBA701000AA883 /* CSLikeTests.m in Sources */ = {isa = PBXBuildFile; fileRef = BE7E6EC116DBA701000AA883 /* CSLikeTests.m */; };
		BE7E6EC516DBAE5C000AA883 /* CSUserGroupTests.m in Sources */ = {isa = PBXBuildFile; fileRef = BE7E6EC416DBAE5C000AA883 /* CSUserGroupTests.m */; };
		BE7E6EC916DBB25A000AA883 /* group.json in Resources */ = {isa = PBXBuildFile; fileRef = BE7E6EC816DBB25A000AA883 /* group.json */; };
		BE7E6ECD16DBB753000AA883 /* groups.json in Resources */ = {isa = PBXBuildFile; fileRef = BE7E6ECC16DBB753000AA883 /* groups.json */; };
		BE7E6ED016DBBAF2000AA883 /* CSGroupList.m in Sources */ = {isa = PBXBuildFile; fileRef = BE7E6ECF16DBBAF1000AA883 /* CSGroupList.m */; };
		BEA65A0D16B92F3100F10CB0 /* TestRequester.m in Sources */ = {isa = PBXBuildFile; fileRef = BEA65A0C16B92F3100F10CB0 /* TestRequester.m */; };
		BEA65A1016B94DDF00F10CB0 /* CSApplicationTests.m in Sources */ = {isa = PBXBuildFile; fileRef = BEA65A0F16B94DDF00F10CB0 /* CSApplicationTests.m */; };
		BEA65A1316B94E4900F10CB0 /* TestApi.m in Sources */ = {isa = PBXBuildFile; fileRef = BEA65A1216B94E4900F10CB0 /* TestApi.m */; };
		BEA65A1616B9537300F10CB0 /* app.json in Resources */ = {isa = PBXBuildFile; fileRef = BEA65A1516B9537300F10CB0 /* app.json */; };
		BEC1E2AE173BB30A00D12EF2 /* CSProductListPage.m in Sources */ = {isa = PBXBuildFile; fileRef = BEC1E2AD173BB30A00D12EF2 /* CSProductListPage.m */; };
		BEC1E2B1173BB3E000D12EF2 /* CSProductList.m in Sources */ = {isa = PBXBuildFile; fileRef = BEC1E2B0173BB3E000D12EF2 /* CSProductList.m */; };
		BECAC13216D63D2000F055EF /* like.json in Resources */ = {isa = PBXBuildFile; fileRef = BECAC13116D63D2000F055EF /* like.json */; };
		BEE0A88816CE8D8B00EB3BB8 /* retailers_page_0_links.json in Resources */ = {isa = PBXBuildFile; fileRef = BEE0A88716CE8D8B00EB3BB8 /* retailers_page_0_links.json */; };
		BEE0A88A16CE8DAD00EB3BB8 /* retailers_page_1_links.json in Resources */ = {isa = PBXBuildFile; fileRef = BEE0A88916CE8DAD00EB3BB8 /* retailers_page_1_links.json */; };
		BEE0A88C16CE8ED400EB3BB8 /* retailers_page_2_links.json in Resources */ = {isa = PBXBuildFile; fileRef = BEE0A88B16CE8ED400EB3BB8 /* retailers_page_2_links.json */; };
		BEE0A88E16D2520B00EB3BB8 /* retailers_page_0_embedded.json in Resources */ = {isa = PBXBuildFile; fileRef = BEE0A88D16D2520B00EB3BB8 /* retailers_page_0_embedded.json */; };
		BEE0A89016D2524500EB3BB8 /* retailers_page_1_embedded.json in Resources */ = {isa = PBXBuildFile; fileRef = BEE0A88F16D2524500EB3BB8 /* retailers_page_1_embedded.json */; };
		BEE0A89216D2527500EB3BB8 /* retailers_page_2_embedded.json in Resources */ = {isa = PBXBuildFile; fileRef = BEE0A89116D2527500EB3BB8 /* retailers_page_2_embedded.json */; };
		BEF43CC316CE3BED00EC1BAE /* retailers_single_page.json in Resources */ = {isa = PBXBuildFile; fileRef = BEF43CC216CE3BED00EC1BAE /* retailers_single_page.json */; };
		BEF43CC516CE732800EC1BAE /* retailers_single_page_embedded.json in Resources */ = {isa = PBXBuildFile; fileRef = BEF43CC416CE732800EC1BAE /* retailers_single_page_embedded.json */; };
		BEF5304016BC072F003B8B58 /* CSApiGetUserTests.m in Sources */ = {isa = PBXBuildFile; fileRef = BEF5303F16BC072F003B8B58 /* CSApiGetUserTests.m */; };
		BEF5304316BFC851003B8B58 /* CSApiSaveUserTests.m in Sources */ = {isa = PBXBuildFile; fileRef = BEF5304216BFC851003B8B58 /* CSApiSaveUserTests.m */; };
		BEF5304516BFCB03003B8B58 /* user_get_response_2.json in Resources */ = {isa = PBXBuildFile; fileRef = BEF5304416BFCB03003B8B58 /* user_get_response_2.json */; };
		BEF5306116C124B7003B8B58 /* user_conflict_1.json in Resources */ = {isa = PBXBuildFile; fileRef = BEF5306016C124B7003B8B58 /* user_conflict_1.json */; };
		BEF5306416C144A0003B8B58 /* CSAPIRequester.m in Sources */ = {isa = PBXBuildFile; fileRef = BEF5306316C144A0003B8B58 /* CSAPIRequester.m */; };
		BEF5306716C144BF003B8B58 /* CSAPIRequesterTests.m in Sources */ = {isa = PBXBuildFile; fileRef = BEF5306616C144BF003B8B58 /* CSAPIRequesterTests.m */; };
/* End PBXBuildFile section */

/* Begin PBXContainerItemProxy section */
		BE06A4D316B6E54A00F345F8 /* PBXContainerItemProxy */ = {
			isa = PBXContainerItemProxy;
			containerPortal = BE06A4B316B6E54900F345F8 /* Project object */;
			proxyType = 1;
			remoteGlobalIDString = BE06A4BB16B6E54900F345F8;
			remoteInfo = CSApi;
		};
/* End PBXContainerItemProxy section */

/* Begin PBXCopyFilesBuildPhase section */
		BE06A4BA16B6E54900F345F8 /* CopyFiles */ = {
			isa = PBXCopyFilesBuildPhase;
			buildActionMask = 2147483647;
			dstPath = "include/${PRODUCT_NAME}";
			dstSubfolderSpec = 16;
			files = (
				BE06A4C516B6E54900F345F8 /* CSAPI.h in CopyFiles */,
			);
			runOnlyForDeploymentPostprocessing = 0;
		};
/* End PBXCopyFilesBuildPhase section */

/* Begin PBXFileReference section */
		BE01AA7016B7FEE500982D27 /* SystemConfiguration.framework */ = {isa = PBXFileReference; lastKnownFileType = wrapper.framework; name = SystemConfiguration.framework; path = System/Library/Frameworks/SystemConfiguration.framework; sourceTree = SDKROOT; };
		BE01AA7216B7FF0800982D27 /* MobileCoreServices.framework */ = {isa = PBXFileReference; lastKnownFileType = wrapper.framework; name = MobileCoreServices.framework; path = System/Library/Frameworks/MobileCoreServices.framework; sourceTree = SDKROOT; };
		BE06A4BC16B6E54900F345F8 /* libCSApi.a */ = {isa = PBXFileReference; explicitFileType = archive.ar; includeInIndex = 0; path = libCSApi.a; sourceTree = BUILT_PRODUCTS_DIR; };
		BE06A4BF16B6E54900F345F8 /* Foundation.framework */ = {isa = PBXFileReference; lastKnownFileType = wrapper.framework; name = Foundation.framework; path = System/Library/Frameworks/Foundation.framework; sourceTree = SDKROOT; };
		BE06A4C316B6E54900F345F8 /* CSApi-Prefix.pch */ = {isa = PBXFileReference; lastKnownFileType = sourcecode.c.h; path = "CSApi-Prefix.pch"; sourceTree = "<group>"; };
		BE06A4C416B6E54900F345F8 /* CSAPI.h */ = {isa = PBXFileReference; lastKnownFileType = sourcecode.c.h; path = CSAPI.h; sourceTree = "<group>"; };
		BE06A4C616B6E54900F345F8 /* CSAPI.m */ = {isa = PBXFileReference; lastKnownFileType = sourcecode.c.objc; lineEnding = 0; path = CSAPI.m; sourceTree = "<group>"; };
		BE06A4CD16B6E54A00F345F8 /* CSApiTests.octest */ = {isa = PBXFileReference; explicitFileType = wrapper.cfbundle; includeInIndex = 0; path = CSApiTests.octest; sourceTree = BUILT_PRODUCTS_DIR; };
		BE06A4CE16B6E54A00F345F8 /* SenTestingKit.framework */ = {isa = PBXFileReference; lastKnownFileType = wrapper.framework; name = SenTestingKit.framework; path = Library/Frameworks/SenTestingKit.framework; sourceTree = DEVELOPER_DIR; };
		BE06A4D016B6E54A00F345F8 /* UIKit.framework */ = {isa = PBXFileReference; lastKnownFileType = wrapper.framework; name = UIKit.framework; path = Library/Frameworks/UIKit.framework; sourceTree = DEVELOPER_DIR; };
		BE06A4D816B6E54A00F345F8 /* CSApiTests-Info.plist */ = {isa = PBXFileReference; lastKnownFileType = text.plist.xml; path = "CSApiTests-Info.plist"; sourceTree = "<group>"; };
		BE06A4DA16B6E54A00F345F8 /* en */ = {isa = PBXFileReference; lastKnownFileType = text.plist.strings; name = en; path = en.lproj/InfoPlist.strings; sourceTree = "<group>"; };
		BE06A4DD16B6E54A00F345F8 /* CSApiTests.m */ = {isa = PBXFileReference; lastKnownFileType = sourcecode.c.objc; path = CSApiTests.m; sourceTree = "<group>"; };
		BE0D502316C2C4B2005A1DC1 /* CSUserDefaultsAPIStore.h */ = {isa = PBXFileReference; fileEncoding = 4; lastKnownFileType = sourcecode.c.h; path = CSUserDefaultsAPIStore.h; sourceTree = "<group>"; };
		BE0D502416C2C4B2005A1DC1 /* CSUserDefaultsAPIStore.m */ = {isa = PBXFileReference; fileEncoding = 4; lastKnownFileType = sourcecode.c.objc; path = CSUserDefaultsAPIStore.m; sourceTree = "<group>"; };
		BE0D502716C2C527005A1DC1 /* CSUserDefaultsAPIStoreTests.m */ = {isa = PBXFileReference; fileEncoding = 4; lastKnownFileType = sourcecode.c.objc; path = CSUserDefaultsAPIStoreTests.m; sourceTree = "<group>"; };
		BE480BA617258B690022216B /* CSPrice.h */ = {isa = PBXFileReference; fileEncoding = 4; lastKnownFileType = sourcecode.c.h; path = CSPrice.h; sourceTree = "<group>"; };
		BE480BA717258B690022216B /* CSPrice.m */ = {isa = PBXFileReference; fileEncoding = 4; lastKnownFileType = sourcecode.c.objc; path = CSPrice.m; sourceTree = "<group>"; };
		BE480BA917258D9A0022216B /* CSPriceListPage.h */ = {isa = PBXFileReference; fileEncoding = 4; lastKnownFileType = sourcecode.c.h; path = CSPriceListPage.h; sourceTree = "<group>"; };
		BE480BAA17258D9A0022216B /* CSPriceListPage.m */ = {isa = PBXFileReference; fileEncoding = 4; lastKnownFileType = sourcecode.c.objc; path = CSPriceListPage.m; sourceTree = "<group>"; };
		BE480BAC17258DB90022216B /* CSPriceList.h */ = {isa = PBXFileReference; fileEncoding = 4; lastKnownFileType = sourcecode.c.h; path = CSPriceList.h; sourceTree = "<group>"; };
		BE480BAD17258DB90022216B /* CSPriceList.m */ = {isa = PBXFileReference; fileEncoding = 4; lastKnownFileType = sourcecode.c.objc; path = CSPriceList.m; sourceTree = "<group>"; };
		BE480BB0172593830022216B /* CSPriceTest.m */ = {isa = PBXFileReference; fileEncoding = 4; lastKnownFileType = sourcecode.c.objc; path = CSPriceTest.m; sourceTree = "<group>"; };
		BE480BB2172685D00022216B /* retailer_81.json */ = {isa = PBXFileReference; fileEncoding = 4; lastKnownFileType = text.json; path = retailer_81.json; sourceTree = "<group>"; };
		BE4B14A616B9722A00BDDD08 /* user_post_response.json */ = {isa = PBXFileReference; fileEncoding = 4; indentWidth = 2; lastKnownFileType = text.json; path = user_post_response.json; sourceTree = "<group>"; tabWidth = 2; };
		BE4B14A816B9727300BDDD08 /* TestFixtures.h */ = {isa = PBXFileReference; fileEncoding = 4; lastKnownFileType = sourcecode.c.h; path = TestFixtures.h; sourceTree = "<group>"; };
		BE4B14A916B9727300BDDD08 /* TestFixtures.m */ = {isa = PBXFileReference; fileEncoding = 4; lastKnownFileType = sourcecode.c.objc; path = TestFixtures.m; sourceTree = "<group>"; };
		BE558E9D174CD3A7009FA3DA /* Security.framework */ = {isa = PBXFileReference; lastKnownFileType = wrapper.framework; name = Security.framework; path = System/Library/Frameworks/Security.framework; sourceTree = SDKROOT; };
		BE558EA0174D0B4A009FA3DA /* CSCategoryTests.m */ = {isa = PBXFileReference; fileEncoding = 4; lastKnownFileType = sourcecode.c.objc; path = CSCategoryTests.m; sourceTree = "<group>"; };
		BE558EA3174D0BDE009FA3DA /* CSCategory.h */ = {isa = PBXFileReference; fileEncoding = 4; lastKnownFileType = sourcecode.c.h; path = CSCategory.h; sourceTree = "<group>"; };
		BE558EA4174D0BDE009FA3DA /* CSCategory.m */ = {isa = PBXFileReference; fileEncoding = 4; lastKnownFileType = sourcecode.c.objc; path = CSCategory.m; sourceTree = "<group>"; };
		BE558EA8174D0E80009FA3DA /* category.json */ = {isa = PBXFileReference; fileEncoding = 4; lastKnownFileType = text.json; path = category.json; sourceTree = "<group>"; };
		BE558EAA174D1083009FA3DA /* categories.json */ = {isa = PBXFileReference; fileEncoding = 4; indentWidth = 2; lastKnownFileType = text.json; path = categories.json; sourceTree = "<group>"; tabWidth = 2; };
		BE558EAC174D1591009FA3DA /* CSCategoryListPage.h */ = {isa = PBXFileReference; fileEncoding = 4; lastKnownFileType = sourcecode.c.h; path = CSCategoryListPage.h; sourceTree = "<group>"; };
		BE558EAD174D1591009FA3DA /* CSCategoryListPage.m */ = {isa = PBXFileReference; fileEncoding = 4; lastKnownFileType = sourcecode.c.objc; path = CSCategoryListPage.m; sourceTree = "<group>"; };
		BE558EAF174D1612009FA3DA /* CSCategoryList.h */ = {isa = PBXFileReference; fileEncoding = 4; lastKnownFileType = sourcecode.c.h; path = CSCategoryList.h; sourceTree = "<group>"; };
		BE558EB0174D1612009FA3DA /* CSCategoryList.m */ = {isa = PBXFileReference; fileEncoding = 4; lastKnownFileType = sourcecode.c.objc; path = CSCategoryList.m; sourceTree = "<group>"; };
		BE57713E16B98EFF002F42E4 /* user_post_response_with_reference_and_meta.json */ = {isa = PBXFileReference; fileEncoding = 4; indentWidth = 2; lastKnownFileType = text.json; path = user_post_response_with_reference_and_meta.json; sourceTree = "<group>"; tabWidth = 2; };
		BE57714016BA7C19002F42E4 /* CSAuthenticator.h */ = {isa = PBXFileReference; lastKnownFileType = sourcecode.c.h; path = CSAuthenticator.h; sourceTree = "<group>"; };
		BE57714116BA7C44002F42E4 /* CSCredential.h */ = {isa = PBXFileReference; lastKnownFileType = sourcecode.c.h; path = CSCredential.h; sourceTree = "<group>"; };
		BE57714216BA7C8A002F42E4 /* CSRequester.h */ = {isa = PBXFileReference; lastKnownFileType = sourcecode.c.h; path = CSRequester.h; sourceTree = "<group>"; };
		BE57714316BA7D3E002F42E4 /* CSRepresentation.h */ = {isa = PBXFileReference; lastKnownFileType = sourcecode.c.h; path = CSRepresentation.h; sourceTree = "<group>"; };
		BE57714416BA7D92002F42E4 /* CSRepresentable.h */ = {isa = PBXFileReference; lastKnownFileType = sourcecode.c.h; path = CSRepresentable.h; sourceTree = "<group>"; };
		BE57714516BA7F89002F42E4 /* CSBasicCredential.h */ = {isa = PBXFileReference; fileEncoding = 4; lastKnownFileType = sourcecode.c.h; path = CSBasicCredential.h; sourceTree = "<group>"; };
		BE57714616BA7F89002F42E4 /* CSBasicCredential.m */ = {isa = PBXFileReference; fileEncoding = 4; lastKnownFileType = sourcecode.c.objc; path = CSBasicCredential.m; sourceTree = "<group>"; };
		BE57714816BA8066002F42E4 /* CSHALRepresentation.h */ = {isa = PBXFileReference; fileEncoding = 4; lastKnownFileType = sourcecode.c.h; path = CSHALRepresentation.h; sourceTree = "<group>"; };
		BE57714916BA8066002F42E4 /* CSHALRepresentation.m */ = {isa = PBXFileReference; fileEncoding = 4; lastKnownFileType = sourcecode.c.objc; path = CSHALRepresentation.m; sourceTree = "<group>"; };
		BE57714B16BA8FC7002F42E4 /* CSAPIStore.h */ = {isa = PBXFileReference; lastKnownFileType = sourcecode.c.h; path = CSAPIStore.h; sourceTree = "<group>"; };
		BE57714C16BA8FFA002F42E4 /* TestAPIStore.h */ = {isa = PBXFileReference; fileEncoding = 4; lastKnownFileType = sourcecode.c.h; path = TestAPIStore.h; sourceTree = "<group>"; };
		BE57714D16BA8FFA002F42E4 /* TestAPIStore.m */ = {isa = PBXFileReference; fileEncoding = 4; lastKnownFileType = sourcecode.c.objc; path = TestAPIStore.m; sourceTree = "<group>"; };
		BE57715016BA9073002F42E4 /* CSApiLoginTests.m */ = {isa = PBXFileReference; fileEncoding = 4; lastKnownFileType = sourcecode.c.objc; path = CSApiLoginTests.m; sourceTree = "<group>"; };
		BE57715216BABC69002F42E4 /* user_get_response.json */ = {isa = PBXFileReference; fileEncoding = 4; indentWidth = 2; lastKnownFileType = text.json; path = user_get_response.json; sourceTree = "<group>"; tabWidth = 2; };
		BE57715416BAD046002F42E4 /* TestConstants.h */ = {isa = PBXFileReference; fileEncoding = 4; lastKnownFileType = sourcecode.c.h; path = TestConstants.h; sourceTree = "<group>"; };
		BE57715516BAD046002F42E4 /* TestConstants.m */ = {isa = PBXFileReference; fileEncoding = 4; lastKnownFileType = sourcecode.c.objc; path = TestConstants.m; sourceTree = "<group>"; };
		BE57715716BAD162002F42E4 /* CSAPITestCase.h */ = {isa = PBXFileReference; fileEncoding = 4; indentWidth = 4; lastKnownFileType = sourcecode.c.h; path = CSAPITestCase.h; sourceTree = "<group>"; tabWidth = 4; usesTabs = 0; wrapsLines = 1; };
		BE57715816BAD162002F42E4 /* CSAPITestCase.m */ = {isa = PBXFileReference; fileEncoding = 4; indentWidth = 4; lastKnownFileType = sourcecode.c.objc; path = CSAPITestCase.m; sourceTree = "<group>"; tabWidth = 4; usesTabs = 0; wrapsLines = 1; };
		BE5D4C0816EE48F20096FFFF /* CSPictureListPage.h */ = {isa = PBXFileReference; fileEncoding = 4; lastKnownFileType = sourcecode.c.h; path = CSPictureListPage.h; sourceTree = "<group>"; };
		BE5D4C0916EE48F20096FFFF /* CSPictureListPage.m */ = {isa = PBXFileReference; fileEncoding = 4; lastKnownFileType = sourcecode.c.objc; path = CSPictureListPage.m; sourceTree = "<group>"; };
		BE5D4C0B16EE49740096FFFF /* CSPictureList.h */ = {isa = PBXFileReference; fileEncoding = 4; lastKnownFileType = sourcecode.c.h; path = CSPictureList.h; sourceTree = "<group>"; };
		BE5D4C0C16EE49740096FFFF /* CSPictureList.m */ = {isa = PBXFileReference; fileEncoding = 4; lastKnownFileType = sourcecode.c.objc; path = CSPictureList.m; sourceTree = "<group>"; };
		BE5D4C0F16EE553A0096FFFF /* productsummary.json */ = {isa = PBXFileReference; fileEncoding = 4; indentWidth = 2; lastKnownFileType = text.json; path = productsummary.json; sourceTree = "<group>"; tabWidth = 2; };
		BE5D4C1116EE55A90096FFFF /* CSProductSummary.h */ = {isa = PBXFileReference; fileEncoding = 4; lastKnownFileType = sourcecode.c.h; path = CSProductSummary.h; sourceTree = "<group>"; };
		BE5D4C1216EE55A90096FFFF /* CSProductSummary.m */ = {isa = PBXFileReference; fileEncoding = 4; lastKnownFileType = sourcecode.c.objc; path = CSProductSummary.m; sourceTree = "<group>"; };
		BE5D4C1416F37BA70096FFFF /* CSProductSummaryListPage.h */ = {isa = PBXFileReference; fileEncoding = 4; lastKnownFileType = sourcecode.c.h; path = CSProductSummaryListPage.h; sourceTree = "<group>"; };
		BE5D4C1516F37BA70096FFFF /* CSProductSummaryListPage.m */ = {isa = PBXFileReference; fileEncoding = 4; lastKnownFileType = sourcecode.c.objc; path = CSProductSummaryListPage.m; sourceTree = "<group>"; };
		BE5D4C1716F37C170096FFFF /* CSProductSummaryList.h */ = {isa = PBXFileReference; fileEncoding = 4; lastKnownFileType = sourcecode.c.h; path = CSProductSummaryList.h; sourceTree = "<group>"; };
		BE5D4C1816F37C170096FFFF /* CSProductSummaryList.m */ = {isa = PBXFileReference; fileEncoding = 4; lastKnownFileType = sourcecode.c.objc; path = CSProductSummaryList.m; sourceTree = "<group>"; };
		BE5D4C1B16F381940096FFFF /* CSProductSummaryTests.m */ = {isa = PBXFileReference; fileEncoding = 4; lastKnownFileType = sourcecode.c.objc; path = CSProductSummaryTests.m; sourceTree = "<group>"; };
		BE62340F16D662530062A4D8 /* likes_page_0_embedded.json */ = {isa = PBXFileReference; fileEncoding = 4; lastKnownFileType = text.json; path = likes_page_0_embedded.json; sourceTree = "<group>"; };
		BE62341116D6628D0062A4D8 /* likes_page_1_embedded.json */ = {isa = PBXFileReference; fileEncoding = 4; lastKnownFileType = text.json; path = likes_page_1_embedded.json; sourceTree = "<group>"; };
		BE62341316D662B60062A4D8 /* likes_page_2_embedded.json */ = {isa = PBXFileReference; fileEncoding = 4; lastKnownFileType = text.json; path = likes_page_2_embedded.json; sourceTree = "<group>"; };
		BE6439C516DFB1790015E822 /* CSApi.podspec */ = {isa = PBXFileReference; explicitFileType = text.script.ruby; fileEncoding = 4; path = CSApi.podspec; sourceTree = "<group>"; };
		BE6439C616DFB1790015E822 /* Podfile */ = {isa = PBXFileReference; explicitFileType = text.script.ruby; fileEncoding = 4; path = Podfile; sourceTree = "<group>"; xcLanguageSpecificationIdentifier = xcode.lang.ruby; };
		BE6439C716DFB1790015E822 /* LICENSE.txt */ = {isa = PBXFileReference; fileEncoding = 4; lastKnownFileType = text; path = LICENSE.txt; sourceTree = "<group>"; };
		BE68DA8C16D62B64008ED350 /* CSApiUserLikeTests.m */ = {isa = PBXFileReference; fileEncoding = 4; lastKnownFileType = sourcecode.c.objc; path = CSApiUserLikeTests.m; sourceTree = "<group>"; };
		BE6BF3F017183C11004B6D85 /* product.json */ = {isa = PBXFileReference; fileEncoding = 4; lastKnownFileType = text.json; path = product.json; sourceTree = "<group>"; };
		BE6BF3F317183CCF004B6D85 /* CSProduct.h */ = {isa = PBXFileReference; fileEncoding = 4; lastKnownFileType = sourcecode.c.h; path = CSProduct.h; sourceTree = "<group>"; };
		BE6BF3F417183CCF004B6D85 /* CSProduct.m */ = {isa = PBXFileReference; fileEncoding = 4; lastKnownFileType = sourcecode.c.objc; path = CSProduct.m; sourceTree = "<group>"; };
		BE6BF3F617185103004B6D85 /* CSProductTests.m */ = {isa = PBXFileReference; fileEncoding = 4; lastKnownFileType = sourcecode.c.objc; path = CSProductTests.m; sourceTree = "<group>"; };
		BE730787174CC41B005E5E29 /* Podfile.lock */ = {isa = PBXFileReference; fileEncoding = 4; lastKnownFileType = text; path = Podfile.lock; sourceTree = "<group>"; };
		BE78D15716E5FA4500DAE148 /* CSImageTests.m */ = {isa = PBXFileReference; fileEncoding = 4; lastKnownFileType = sourcecode.c.objc; path = CSImageTests.m; sourceTree = "<group>"; };
		BE78D15916E5FAC400DAE148 /* CSImage.h */ = {isa = PBXFileReference; fileEncoding = 4; lastKnownFileType = sourcecode.c.h; path = CSImage.h; sourceTree = "<group>"; };
		BE78D15A16E5FAC400DAE148 /* CSImage.m */ = {isa = PBXFileReference; fileEncoding = 4; lastKnownFileType = sourcecode.c.objc; path = CSImage.m; sourceTree = "<group>"; };
		BE78D15C16E6001900DAE148 /* image.json */ = {isa = PBXFileReference; fileEncoding = 4; indentWidth = 2; lastKnownFileType = text.json; path = image.json; sourceTree = "<group>"; tabWidth = 2; };
		BE78D15E16E601CA00DAE148 /* CSImageList.h */ = {isa = PBXFileReference; fileEncoding = 4; lastKnownFileType = sourcecode.c.h; path = CSImageList.h; sourceTree = "<group>"; };
		BE78D15F16E601CB00DAE148 /* CSImageList.m */ = {isa = PBXFileReference; fileEncoding = 4; lastKnownFileType = sourcecode.c.objc; path = CSImageList.m; sourceTree = "<group>"; };
		BE78D16816E604A600DAE148 /* CSPicture.h */ = {isa = PBXFileReference; fileEncoding = 4; lastKnownFileType = sourcecode.c.h; path = CSPicture.h; sourceTree = "<group>"; };
		BE78D16916E604A700DAE148 /* CSPicture.m */ = {isa = PBXFileReference; fileEncoding = 4; lastKnownFileType = sourcecode.c.objc; path = CSPicture.m; sourceTree = "<group>"; };
		BE78D16B16E6092300DAE148 /* picture.json */ = {isa = PBXFileReference; fileEncoding = 4; indentWidth = 2; lastKnownFileType = text.json; path = picture.json; sourceTree = "<group>"; tabWidth = 2; };
		BE78D16D16E60F8F00DAE148 /* retailer.json */ = {isa = PBXFileReference; fileEncoding = 4; indentWidth = 2; lastKnownFileType = text.json; path = retailer.json; sourceTree = "<group>"; tabWidth = 2; };
		BE78D17016E6102B00DAE148 /* CSRetailerTests.m */ = {isa = PBXFileReference; fileEncoding = 4; lastKnownFileType = sourcecode.c.objc; path = CSRetailerTests.m; sourceTree = "<group>"; };
		BE7E6E7D16D7D0D6000AA883 /* NSError+CSExtension.h */ = {isa = PBXFileReference; fileEncoding = 4; lastKnownFileType = sourcecode.c.h; path = "NSError+CSExtension.h"; sourceTree = "<group>"; };
		BE7E6E7E16D7D0D6000AA883 /* NSError+CSExtension.m */ = {isa = PBXFileReference; fileEncoding = 4; lastKnownFileType = sourcecode.c.objc; path = "NSError+CSExtension.m"; sourceTree = "<group>"; };
		BE7E6E8116D7D17C000AA883 /* CSCredentialEntity.h */ = {isa = PBXFileReference; fileEncoding = 4; lastKnownFileType = sourcecode.c.h; path = CSCredentialEntity.h; sourceTree = "<group>"; };
		BE7E6E8216D7D17C000AA883 /* CSCredentialEntity.m */ = {isa = PBXFileReference; fileEncoding = 4; lastKnownFileType = sourcecode.c.objc; path = CSCredentialEntity.m; sourceTree = "<group>"; };
		BE7E6E8416D7D235000AA883 /* CSApplication.h */ = {isa = PBXFileReference; fileEncoding = 4; lastKnownFileType = sourcecode.c.h; path = CSApplication.h; sourceTree = "<group>"; };
		BE7E6E8516D7D235000AA883 /* CSApplication.m */ = {isa = PBXFileReference; fileEncoding = 4; lastKnownFileType = sourcecode.c.objc; path = CSApplication.m; sourceTree = "<group>"; };
		BE7E6E8716D7D2C6000AA883 /* CSMutableUser.h */ = {isa = PBXFileReference; fileEncoding = 4; lastKnownFileType = sourcecode.c.h; path = CSMutableUser.h; sourceTree = "<group>"; };
		BE7E6E8816D7D2C6000AA883 /* CSMutableUser.m */ = {isa = PBXFileReference; fileEncoding = 4; lastKnownFileType = sourcecode.c.objc; path = CSMutableUser.m; sourceTree = "<group>"; };
		BE7E6E8A16D7D397000AA883 /* CSUser.h */ = {isa = PBXFileReference; fileEncoding = 4; lastKnownFileType = sourcecode.c.h; path = CSUser.h; sourceTree = "<group>"; };
		BE7E6E8B16D7D397000AA883 /* CSUser.m */ = {isa = PBXFileReference; fileEncoding = 4; lastKnownFileType = sourcecode.c.objc; path = CSUser.m; sourceTree = "<group>"; };
		BE7E6E8D16D7D48E000AA883 /* CSMutableLike.h */ = {isa = PBXFileReference; fileEncoding = 4; lastKnownFileType = sourcecode.c.h; path = CSMutableLike.h; sourceTree = "<group>"; };
		BE7E6E8E16D7D48E000AA883 /* CSMutableLike.m */ = {isa = PBXFileReference; fileEncoding = 4; lastKnownFileType = sourcecode.c.objc; path = CSMutableLike.m; sourceTree = "<group>"; };
		BE7E6E9016D7D536000AA883 /* CSLike.h */ = {isa = PBXFileReference; fileEncoding = 4; lastKnownFileType = sourcecode.c.h; path = CSLike.h; sourceTree = "<group>"; };
		BE7E6E9116D7D536000AA883 /* CSLike.m */ = {isa = PBXFileReference; fileEncoding = 4; lastKnownFileType = sourcecode.c.objc; path = CSLike.m; sourceTree = "<group>"; };
		BE7E6E9316D7D5EC000AA883 /* CSRetailer.h */ = {isa = PBXFileReference; fileEncoding = 4; lastKnownFileType = sourcecode.c.h; path = CSRetailer.h; sourceTree = "<group>"; };
		BE7E6E9416D7D5EC000AA883 /* CSRetailer.m */ = {isa = PBXFileReference; fileEncoding = 4; lastKnownFileType = sourcecode.c.objc; path = CSRetailer.m; sourceTree = "<group>"; };
		BE7E6E9616D7D694000AA883 /* CSListPage.h */ = {isa = PBXFileReference; fileEncoding = 4; lastKnownFileType = sourcecode.c.h; path = CSListPage.h; sourceTree = "<group>"; };
		BE7E6E9716D7D694000AA883 /* CSListPage.m */ = {isa = PBXFileReference; fileEncoding = 4; lastKnownFileType = sourcecode.c.objc; path = CSListPage.m; sourceTree = "<group>"; };
		BE7E6E9916D7D723000AA883 /* CSListItem.h */ = {isa = PBXFileReference; fileEncoding = 4; lastKnownFileType = sourcecode.c.h; path = CSListItem.h; sourceTree = "<group>"; };
		BE7E6E9A16D7D723000AA883 /* CSListItem.m */ = {isa = PBXFileReference; fileEncoding = 4; lastKnownFileType = sourcecode.c.objc; path = CSListItem.m; sourceTree = "<group>"; };
		BE7E6E9C16D7D777000AA883 /* CSLinkListItem.h */ = {isa = PBXFileReference; fileEncoding = 4; lastKnownFileType = sourcecode.c.h; path = CSLinkListItem.h; sourceTree = "<group>"; };
		BE7E6E9D16D7D777000AA883 /* CSLinkListItem.m */ = {isa = PBXFileReference; fileEncoding = 4; lastKnownFileType = sourcecode.c.objc; path = CSLinkListItem.m; sourceTree = "<group>"; };
		BE7E6E9F16D7D7D8000AA883 /* CSResourceListItem.h */ = {isa = PBXFileReference; fileEncoding = 4; lastKnownFileType = sourcecode.c.h; path = CSResourceListItem.h; sourceTree = "<group>"; };
		BE7E6EA016D7D7D8000AA883 /* CSResourceListItem.m */ = {isa = PBXFileReference; fileEncoding = 4; lastKnownFileType = sourcecode.c.objc; path = CSResourceListItem.m; sourceTree = "<group>"; };
		BE7E6EA216D7D871000AA883 /* CSRetailerListPage.h */ = {isa = PBXFileReference; fileEncoding = 4; lastKnownFileType = sourcecode.c.h; path = CSRetailerListPage.h; sourceTree = "<group>"; };
		BE7E6EA316D7D871000AA883 /* CSRetailerListPage.m */ = {isa = PBXFileReference; fileEncoding = 4; lastKnownFileType = sourcecode.c.objc; path = CSRetailerListPage.m; sourceTree = "<group>"; };
		BE7E6EA516D7D8C0000AA883 /* CSLikeListPage.h */ = {isa = PBXFileReference; fileEncoding = 4; lastKnownFileType = sourcecode.c.h; path = CSLikeListPage.h; sourceTree = "<group>"; };
		BE7E6EA616D7D8C0000AA883 /* CSLikeListPage.m */ = {isa = PBXFileReference; fileEncoding = 4; lastKnownFileType = sourcecode.c.objc; path = CSLikeListPage.m; sourceTree = "<group>"; };
		BE7E6EA816D7D90D000AA883 /* CSList.h */ = {isa = PBXFileReference; fileEncoding = 4; lastKnownFileType = sourcecode.c.h; path = CSList.h; sourceTree = "<group>"; };
		BE7E6EA916D7D90D000AA883 /* CSList.m */ = {isa = PBXFileReference; fileEncoding = 4; lastKnownFileType = sourcecode.c.objc; path = CSList.m; sourceTree = "<group>"; };
		BE7E6EAB16D7D971000AA883 /* CSRetailerList.h */ = {isa = PBXFileReference; fileEncoding = 4; lastKnownFileType = sourcecode.c.h; path = CSRetailerList.h; sourceTree = "<group>"; };
		BE7E6EAC16D7D971000AA883 /* CSRetailerList.m */ = {isa = PBXFileReference; fileEncoding = 4; lastKnownFileType = sourcecode.c.objc; path = CSRetailerList.m; sourceTree = "<group>"; };
		BE7E6EAE16D7D9C3000AA883 /* CSLikeList.h */ = {isa = PBXFileReference; fileEncoding = 4; lastKnownFileType = sourcecode.c.h; path = CSLikeList.h; sourceTree = "<group>"; };
		BE7E6EAF16D7D9C4000AA883 /* CSLikeList.m */ = {isa = PBXFileReference; fileEncoding = 4; lastKnownFileType = sourcecode.c.objc; path = CSLikeList.m; sourceTree = "<group>"; };
		BE7E6EB116D7DF1E000AA883 /* CSMutableGroup.h */ = {isa = PBXFileReference; fileEncoding = 4; lastKnownFileType = sourcecode.c.h; path = CSMutableGroup.h; sourceTree = "<group>"; };
		BE7E6EB216D7DF1E000AA883 /* CSMutableGroup.m */ = {isa = PBXFileReference; fileEncoding = 4; lastKnownFileType = sourcecode.c.objc; path = CSMutableGroup.m; sourceTree = "<group>"; };
		BE7E6EB416D7E09D000AA883 /* CSGroup.h */ = {isa = PBXFileReference; fileEncoding = 4; lastKnownFileType = sourcecode.c.h; path = CSGroup.h; sourceTree = "<group>"; };
		BE7E6EB516D7E09D000AA883 /* CSGroup.m */ = {isa = PBXFileReference; fileEncoding = 4; lastKnownFileType = sourcecode.c.objc; path = CSGroup.m; sourceTree = "<group>"; };
		BE7E6EB716D7E4CA000AA883 /* CSGroupListPage.h */ = {isa = PBXFileReference; fileEncoding = 4; lastKnownFileType = sourcecode.c.h; path = CSGroupListPage.h; sourceTree = "<group>"; };
		BE7E6EB816D7E4CA000AA883 /* CSGroupListPage.m */ = {isa = PBXFileReference; fileEncoding = 4; lastKnownFileType = sourcecode.c.objc; path = CSGroupListPage.m; sourceTree = "<group>"; };
		BE7E6EBE16DB6FD9000AA883 /* CSGroupTests.m */ = {isa = PBXFileReference; fileEncoding = 4; lastKnownFileType = sourcecode.c.objc; path = CSGroupTests.m; sourceTree = "<group>"; };
		BE7E6EC116DBA701000AA883 /* CSLikeTests.m */ = {isa = PBXFileReference; fileEncoding = 4; lastKnownFileType = sourcecode.c.objc; path = CSLikeTests.m; sourceTree = "<group>"; };
		BE7E6EC416DBAE5C000AA883 /* CSUserGroupTests.m */ = {isa = PBXFileReference; fileEncoding = 4; lastKnownFileType = sourcecode.c.objc; path = CSUserGroupTests.m; sourceTree = "<group>"; };
		BE7E6EC816DBB25A000AA883 /* group.json */ = {isa = PBXFileReference; fileEncoding = 4; lastKnownFileType = text.json; path = group.json; sourceTree = "<group>"; };
		BE7E6ECC16DBB753000AA883 /* groups.json */ = {isa = PBXFileReference; fileEncoding = 4; lastKnownFileType = text.json; path = groups.json; sourceTree = "<group>"; };
		BE7E6ECE16DBBAF1000AA883 /* CSGroupList.h */ = {isa = PBXFileReference; fileEncoding = 4; lastKnownFileType = sourcecode.c.h; path = CSGroupList.h; sourceTree = "<group>"; };
		BE7E6ECF16DBBAF1000AA883 /* CSGroupList.m */ = {isa = PBXFileReference; fileEncoding = 4; lastKnownFileType = sourcecode.c.objc; path = CSGroupList.m; sourceTree = "<group>"; };
		BEA65A0B16B92F3100F10CB0 /* TestRequester.h */ = {isa = PBXFileReference; fileEncoding = 4; lastKnownFileType = sourcecode.c.h; path = TestRequester.h; sourceTree = "<group>"; };
		BEA65A0C16B92F3100F10CB0 /* TestRequester.m */ = {isa = PBXFileReference; fileEncoding = 4; lastKnownFileType = sourcecode.c.objc; path = TestRequester.m; sourceTree = "<group>"; };
		BEA65A0F16B94DDF00F10CB0 /* CSApplicationTests.m */ = {isa = PBXFileReference; fileEncoding = 4; lastKnownFileType = sourcecode.c.objc; path = CSApplicationTests.m; sourceTree = "<group>"; };
		BEA65A1116B94E4900F10CB0 /* TestApi.h */ = {isa = PBXFileReference; fileEncoding = 4; lastKnownFileType = sourcecode.c.h; path = TestApi.h; sourceTree = "<group>"; };
		BEA65A1216B94E4900F10CB0 /* TestApi.m */ = {isa = PBXFileReference; fileEncoding = 4; lastKnownFileType = sourcecode.c.objc; path = TestApi.m; sourceTree = "<group>"; };
		BEA65A1516B9537300F10CB0 /* app.json */ = {isa = PBXFileReference; fileEncoding = 4; lastKnownFileType = text.json; path = app.json; sourceTree = "<group>"; };
		BEC1E2AC173BB30A00D12EF2 /* CSProductListPage.h */ = {isa = PBXFileReference; fileEncoding = 4; lastKnownFileType = sourcecode.c.h; path = CSProductListPage.h; sourceTree = "<group>"; };
		BEC1E2AD173BB30A00D12EF2 /* CSProductListPage.m */ = {isa = PBXFileReference; fileEncoding = 4; lastKnownFileType = sourcecode.c.objc; path = CSProductListPage.m; sourceTree = "<group>"; };
		BEC1E2AF173BB3E000D12EF2 /* CSProductList.h */ = {isa = PBXFileReference; fileEncoding = 4; lastKnownFileType = sourcecode.c.h; path = CSProductList.h; sourceTree = "<group>"; };
		BEC1E2B0173BB3E000D12EF2 /* CSProductList.m */ = {isa = PBXFileReference; fileEncoding = 4; lastKnownFileType = sourcecode.c.objc; path = CSProductList.m; sourceTree = "<group>"; };
		BECAC13116D63D2000F055EF /* like.json */ = {isa = PBXFileReference; fileEncoding = 4; lastKnownFileType = text.json; path = like.json; sourceTree = "<group>"; };
		BEE0A88716CE8D8B00EB3BB8 /* retailers_page_0_links.json */ = {isa = PBXFileReference; fileEncoding = 4; lastKnownFileType = text.json; path = retailers_page_0_links.json; sourceTree = "<group>"; };
		BEE0A88916CE8DAD00EB3BB8 /* retailers_page_1_links.json */ = {isa = PBXFileReference; fileEncoding = 4; lastKnownFileType = text.json; path = retailers_page_1_links.json; sourceTree = "<group>"; };
		BEE0A88B16CE8ED400EB3BB8 /* retailers_page_2_links.json */ = {isa = PBXFileReference; fileEncoding = 4; lastKnownFileType = text.json; path = retailers_page_2_links.json; sourceTree = "<group>"; };
		BEE0A88D16D2520B00EB3BB8 /* retailers_page_0_embedded.json */ = {isa = PBXFileReference; fileEncoding = 4; lastKnownFileType = text.json; path = retailers_page_0_embedded.json; sourceTree = "<group>"; };
		BEE0A88F16D2524500EB3BB8 /* retailers_page_1_embedded.json */ = {isa = PBXFileReference; fileEncoding = 4; lastKnownFileType = text.json; path = retailers_page_1_embedded.json; sourceTree = "<group>"; };
		BEE0A89116D2527500EB3BB8 /* retailers_page_2_embedded.json */ = {isa = PBXFileReference; fileEncoding = 4; lastKnownFileType = text.json; path = retailers_page_2_embedded.json; sourceTree = "<group>"; };
		BEF43CC216CE3BED00EC1BAE /* retailers_single_page.json */ = {isa = PBXFileReference; fileEncoding = 4; lastKnownFileType = text.json; path = retailers_single_page.json; sourceTree = "<group>"; };
		BEF43CC416CE732800EC1BAE /* retailers_single_page_embedded.json */ = {isa = PBXFileReference; fileEncoding = 4; indentWidth = 2; lastKnownFileType = text.json; path = retailers_single_page_embedded.json; sourceTree = "<group>"; tabWidth = 2; };
		BEF5303F16BC072F003B8B58 /* CSApiGetUserTests.m */ = {isa = PBXFileReference; fileEncoding = 4; lastKnownFileType = sourcecode.c.objc; path = CSApiGetUserTests.m; sourceTree = "<group>"; };
		BEF5304216BFC851003B8B58 /* CSApiSaveUserTests.m */ = {isa = PBXFileReference; fileEncoding = 4; lastKnownFileType = sourcecode.c.objc; path = CSApiSaveUserTests.m; sourceTree = "<group>"; };
		BEF5304416BFCB03003B8B58 /* user_get_response_2.json */ = {isa = PBXFileReference; fileEncoding = 4; lastKnownFileType = text.json; path = user_get_response_2.json; sourceTree = "<group>"; };
		BEF5306016C124B7003B8B58 /* user_conflict_1.json */ = {isa = PBXFileReference; fileEncoding = 4; lastKnownFileType = text.json; path = user_conflict_1.json; sourceTree = "<group>"; };
		BEF5306216C1449F003B8B58 /* CSAPIRequester.h */ = {isa = PBXFileReference; fileEncoding = 4; lastKnownFileType = sourcecode.c.h; path = CSAPIRequester.h; sourceTree = "<group>"; };
		BEF5306316C144A0003B8B58 /* CSAPIRequester.m */ = {isa = PBXFileReference; fileEncoding = 4; lastKnownFileType = sourcecode.c.objc; path = CSAPIRequester.m; sourceTree = "<group>"; };
		BEF5306616C144BF003B8B58 /* CSAPIRequesterTests.m */ = {isa = PBXFileReference; fileEncoding = 4; lastKnownFileType = sourcecode.c.objc; path = CSAPIRequesterTests.m; sourceTree = "<group>"; };
		C68FEFEEA74C4920B790C3B7 /* Pods-test.xcconfig */ = {isa = PBXFileReference; includeInIndex = 1; lastKnownFileType = text.xcconfig; name = "Pods-test.xcconfig"; path = "Pods/Pods-test.xcconfig"; sourceTree = SOURCE_ROOT; };
		D0A9D9C4BB3D41BCA4100D6F /* libPods.a */ = {isa = PBXFileReference; explicitFileType = archive.ar; includeInIndex = 0; path = libPods.a; sourceTree = BUILT_PRODUCTS_DIR; };
		E11FCF6D842F44979932768C /* Pods.xcconfig */ = {isa = PBXFileReference; includeInIndex = 1; lastKnownFileType = text.xcconfig; name = Pods.xcconfig; path = Pods/Pods.xcconfig; sourceTree = SOURCE_ROOT; };
		FCAF943180214A46BE940C0E /* libPods-test.a */ = {isa = PBXFileReference; explicitFileType = archive.ar; includeInIndex = 0; path = "libPods-test.a"; sourceTree = BUILT_PRODUCTS_DIR; };
/* End PBXFileReference section */

/* Begin PBXFrameworksBuildPhase section */
		BE06A4B916B6E54900F345F8 /* Frameworks */ = {
			isa = PBXFrameworksBuildPhase;
			buildActionMask = 2147483647;
			files = (
				BE6BF3F9171864DC004B6D85 /* SystemConfiguration.framework in Frameworks */,
				BE6BF3F8171864D6004B6D85 /* MobileCoreServices.framework in Frameworks */,
				BE06A4C016B6E54900F345F8 /* Foundation.framework in Frameworks */,
				9807DF74FCE84807AA7A905A /* libPods.a in Frameworks */,
			);
			runOnlyForDeploymentPostprocessing = 0;
		};
		BE06A4C916B6E54A00F345F8 /* Frameworks */ = {
			isa = PBXFrameworksBuildPhase;
			buildActionMask = 2147483647;
			files = (
				BE558E9E174CD3A7009FA3DA /* Security.framework in Frameworks */,
				BE01AA7516B7FF3500982D27 /* SystemConfiguration.framework in Frameworks */,
				BE01AA7416B7FF3000982D27 /* MobileCoreServices.framework in Frameworks */,
				BE06A4CF16B6E54A00F345F8 /* SenTestingKit.framework in Frameworks */,
				BE06A4D116B6E54A00F345F8 /* UIKit.framework in Frameworks */,
				BE06A4D216B6E54A00F345F8 /* Foundation.framework in Frameworks */,
				BE06A4D516B6E54A00F345F8 /* libCSApi.a in Frameworks */,
				314A6C7236354189A46E252F /* libPods-test.a in Frameworks */,
			);
			runOnlyForDeploymentPostprocessing = 0;
		};
/* End PBXFrameworksBuildPhase section */

/* Begin PBXGroup section */
		BE06A4B116B6E54900F345F8 = {
			isa = PBXGroup;
			children = (
				BE730787174CC41B005E5E29 /* Podfile.lock */,
				BE6439C516DFB1790015E822 /* CSApi.podspec */,
				BE6439C616DFB1790015E822 /* Podfile */,
				BE6439C716DFB1790015E822 /* LICENSE.txt */,
				BE06A4C116B6E54900F345F8 /* CSAPI */,
				BE06A4D616B6E54A00F345F8 /* CSApiTests */,
				BE06A4BE16B6E54900F345F8 /* Frameworks */,
				BE06A4BD16B6E54900F345F8 /* Products */,
				E11FCF6D842F44979932768C /* Pods.xcconfig */,
				C68FEFEEA74C4920B790C3B7 /* Pods-test.xcconfig */,
			);
			sourceTree = "<group>";
		};
		BE06A4BD16B6E54900F345F8 /* Products */ = {
			isa = PBXGroup;
			children = (
				BE06A4BC16B6E54900F345F8 /* libCSApi.a */,
				BE06A4CD16B6E54A00F345F8 /* CSApiTests.octest */,
			);
			name = Products;
			sourceTree = "<group>";
		};
		BE06A4BE16B6E54900F345F8 /* Frameworks */ = {
			isa = PBXGroup;
			children = (
				BE558E9D174CD3A7009FA3DA /* Security.framework */,
				BE01AA7216B7FF0800982D27 /* MobileCoreServices.framework */,
				BE01AA7016B7FEE500982D27 /* SystemConfiguration.framework */,
				BE06A4BF16B6E54900F345F8 /* Foundation.framework */,
				BE06A4CE16B6E54A00F345F8 /* SenTestingKit.framework */,
				BE06A4D016B6E54A00F345F8 /* UIKit.framework */,
				D0A9D9C4BB3D41BCA4100D6F /* libPods.a */,
				FCAF943180214A46BE940C0E /* libPods-test.a */,
			);
			name = Frameworks;
			sourceTree = "<group>";
		};
		BE06A4C116B6E54900F345F8 /* CSAPI */ = {
			isa = PBXGroup;
			children = (
				BE06A4C416B6E54900F345F8 /* CSAPI.h */,
				BE06A4C616B6E54900F345F8 /* CSAPI.m */,
				BE626CD916EE444C00F0302D /* Utils */,
				BE06A4C216B6E54900F345F8 /* Supporting Files */,
				BE5D4C0116EE45120096FFFF /* Applications */,
				BE5D4C0216EE451E0096FFFF /* Users */,
				BE5D4C0316EE453B0096FFFF /* Likes */,
				BE5D4C0416EE45600096FFFF /* Lists */,
				BE5D4C0516EE456F0096FFFF /* Groups */,
				BE5D4C0616EE457C0096FFFF /* Retailers */,
				BE5D4C0716EE45900096FFFF /* Pictures */,
				BE5D4C0E16EE4A0C0096FFFF /* Product Summaries */,
				BE6BF3F217183C92004B6D85 /* Products */,
				BE480BA517258B390022216B /* Prices */,
				BE558EA2174D0BA2009FA3DA /* Categories */,
			);
			name = CSAPI;
			path = CSApi;
			sourceTree = "<group>";
		};
		BE06A4C216B6E54900F345F8 /* Supporting Files */ = {
			isa = PBXGroup;
			children = (
				BE06A4C316B6E54900F345F8 /* CSApi-Prefix.pch */,
			);
			name = "Supporting Files";
			sourceTree = "<group>";
		};
		BE06A4D616B6E54A00F345F8 /* CSApiTests */ = {
			isa = PBXGroup;
			children = (
				BEA65A1416B9535300F10CB0 /* Fixtures */,
				BEA65A0A16B92F1200F10CB0 /* Utils */,
				BE06A4D716B6E54A00F345F8 /* Supporting Files */,
				BE06A4DD16B6E54A00F345F8 /* CSApiTests.m */,
				BEA65A0F16B94DDF00F10CB0 /* CSApplicationTests.m */,
				BE57715016BA9073002F42E4 /* CSApiLoginTests.m */,
				BEF5303F16BC072F003B8B58 /* CSApiGetUserTests.m */,
				BEF5304216BFC851003B8B58 /* CSApiSaveUserTests.m */,
				BE68DA8C16D62B64008ED350 /* CSApiUserLikeTests.m */,
				BEF5306616C144BF003B8B58 /* CSAPIRequesterTests.m */,
				BE0D502716C2C527005A1DC1 /* CSUserDefaultsAPIStoreTests.m */,
				BE7E6EBE16DB6FD9000AA883 /* CSGroupTests.m */,
				BE7E6EC116DBA701000AA883 /* CSLikeTests.m */,
				BE7E6EC416DBAE5C000AA883 /* CSUserGroupTests.m */,
				BE78D15716E5FA4500DAE148 /* CSImageTests.m */,
				BE78D17016E6102B00DAE148 /* CSRetailerTests.m */,
				BE5D4C1B16F381940096FFFF /* CSProductSummaryTests.m */,
				BE6BF3F617185103004B6D85 /* CSProductTests.m */,
				BE480BB0172593830022216B /* CSPriceTest.m */,
				BE558EA0174D0B4A009FA3DA /* CSCategoryTests.m */,
			);
			path = CSApiTests;
			sourceTree = "<group>";
		};
		BE06A4D716B6E54A00F345F8 /* Supporting Files */ = {
			isa = PBXGroup;
			children = (
				BE06A4D816B6E54A00F345F8 /* CSApiTests-Info.plist */,
				BE06A4D916B6E54A00F345F8 /* InfoPlist.strings */,
			);
			name = "Supporting Files";
			sourceTree = "<group>";
		};
		BE480BA517258B390022216B /* Prices */ = {
			isa = PBXGroup;
			children = (
				BE480BA617258B690022216B /* CSPrice.h */,
				BE480BA717258B690022216B /* CSPrice.m */,
				BE480BA917258D9A0022216B /* CSPriceListPage.h */,
				BE480BAA17258D9A0022216B /* CSPriceListPage.m */,
				BE480BAC17258DB90022216B /* CSPriceList.h */,
				BE480BAD17258DB90022216B /* CSPriceList.m */,
			);
			name = Prices;
			sourceTree = "<group>";
		};
		BE558EA2174D0BA2009FA3DA /* Categories */ = {
			isa = PBXGroup;
			children = (
				BE558EA3174D0BDE009FA3DA /* CSCategory.h */,
				BE558EA4174D0BDE009FA3DA /* CSCategory.m */,
				BE558EAC174D1591009FA3DA /* CSCategoryListPage.h */,
				BE558EAD174D1591009FA3DA /* CSCategoryListPage.m */,
				BE558EAF174D1612009FA3DA /* CSCategoryList.h */,
				BE558EB0174D1612009FA3DA /* CSCategoryList.m */,
			);
			name = Categories;
			sourceTree = "<group>";
		};
		BE5D4C0116EE45120096FFFF /* Applications */ = {
			isa = PBXGroup;
			children = (
				BE7E6E8416D7D235000AA883 /* CSApplication.h */,
				BE7E6E8516D7D235000AA883 /* CSApplication.m */,
			);
			name = Applications;
			sourceTree = "<group>";
		};
		BE5D4C0216EE451E0096FFFF /* Users */ = {
			isa = PBXGroup;
			children = (
				BE7E6E8716D7D2C6000AA883 /* CSMutableUser.h */,
				BE7E6E8816D7D2C6000AA883 /* CSMutableUser.m */,
				BE7E6E8A16D7D397000AA883 /* CSUser.h */,
				BE7E6E8B16D7D397000AA883 /* CSUser.m */,
			);
			name = Users;
			sourceTree = "<group>";
		};
		BE5D4C0316EE453B0096FFFF /* Likes */ = {
			isa = PBXGroup;
			children = (
				BE7E6E8D16D7D48E000AA883 /* CSMutableLike.h */,
				BE7E6E8E16D7D48E000AA883 /* CSMutableLike.m */,
				BE7E6E9016D7D536000AA883 /* CSLike.h */,
				BE7E6E9116D7D536000AA883 /* CSLike.m */,
				BE7E6EA516D7D8C0000AA883 /* CSLikeListPage.h */,
				BE7E6EA616D7D8C0000AA883 /* CSLikeListPage.m */,
				BE7E6EAE16D7D9C3000AA883 /* CSLikeList.h */,
				BE7E6EAF16D7D9C4000AA883 /* CSLikeList.m */,
			);
			name = Likes;
			sourceTree = "<group>";
		};
		BE5D4C0416EE45600096FFFF /* Lists */ = {
			isa = PBXGroup;
			children = (
				BE7E6E9616D7D694000AA883 /* CSListPage.h */,
				BE7E6E9716D7D694000AA883 /* CSListPage.m */,
				BE7E6E9916D7D723000AA883 /* CSListItem.h */,
				BE7E6E9A16D7D723000AA883 /* CSListItem.m */,
				BE7E6E9C16D7D777000AA883 /* CSLinkListItem.h */,
				BE7E6E9D16D7D777000AA883 /* CSLinkListItem.m */,
				BE7E6E9F16D7D7D8000AA883 /* CSResourceListItem.h */,
				BE7E6EA016D7D7D8000AA883 /* CSResourceListItem.m */,
				BE7E6EA816D7D90D000AA883 /* CSList.h */,
				BE7E6EA916D7D90D000AA883 /* CSList.m */,
			);
			name = Lists;
			sourceTree = "<group>";
		};
		BE5D4C0516EE456F0096FFFF /* Groups */ = {
			isa = PBXGroup;
			children = (
				BE7E6EB116D7DF1E000AA883 /* CSMutableGroup.h */,
				BE7E6EB216D7DF1E000AA883 /* CSMutableGroup.m */,
				BE7E6EB716D7E4CA000AA883 /* CSGroupListPage.h */,
				BE7E6EB816D7E4CA000AA883 /* CSGroupListPage.m */,
				BE7E6EB416D7E09D000AA883 /* CSGroup.h */,
				BE7E6EB516D7E09D000AA883 /* CSGroup.m */,
				BE7E6ECE16DBBAF1000AA883 /* CSGroupList.h */,
				BE7E6ECF16DBBAF1000AA883 /* CSGroupList.m */,
			);
			name = Groups;
			sourceTree = "<group>";
		};
		BE5D4C0616EE457C0096FFFF /* Retailers */ = {
			isa = PBXGroup;
			children = (
				BE7E6E9316D7D5EC000AA883 /* CSRetailer.h */,
				BE7E6E9416D7D5EC000AA883 /* CSRetailer.m */,
				BE7E6EA216D7D871000AA883 /* CSRetailerListPage.h */,
				BE7E6EA316D7D871000AA883 /* CSRetailerListPage.m */,
				BE7E6EAB16D7D971000AA883 /* CSRetailerList.h */,
				BE7E6EAC16D7D971000AA883 /* CSRetailerList.m */,
			);
			name = Retailers;
			sourceTree = "<group>";
		};
		BE5D4C0716EE45900096FFFF /* Pictures */ = {
			isa = PBXGroup;
			children = (
				BE78D15916E5FAC400DAE148 /* CSImage.h */,
				BE78D15A16E5FAC400DAE148 /* CSImage.m */,
				BE78D15E16E601CA00DAE148 /* CSImageList.h */,
				BE78D15F16E601CB00DAE148 /* CSImageList.m */,
				BE78D16816E604A600DAE148 /* CSPicture.h */,
				BE78D16916E604A700DAE148 /* CSPicture.m */,
				BE5D4C0816EE48F20096FFFF /* CSPictureListPage.h */,
				BE5D4C0916EE48F20096FFFF /* CSPictureListPage.m */,
				BE5D4C0B16EE49740096FFFF /* CSPictureList.h */,
				BE5D4C0C16EE49740096FFFF /* CSPictureList.m */,
			);
			name = Pictures;
			sourceTree = "<group>";
		};
		BE5D4C0E16EE4A0C0096FFFF /* Product Summaries */ = {
			isa = PBXGroup;
			children = (
				BE5D4C1116EE55A90096FFFF /* CSProductSummary.h */,
				BE5D4C1216EE55A90096FFFF /* CSProductSummary.m */,
				BE5D4C1416F37BA70096FFFF /* CSProductSummaryListPage.h */,
				BE5D4C1516F37BA70096FFFF /* CSProductSummaryListPage.m */,
				BE5D4C1716F37C170096FFFF /* CSProductSummaryList.h */,
				BE5D4C1816F37C170096FFFF /* CSProductSummaryList.m */,
			);
			name = "Product Summaries";
			sourceTree = "<group>";
		};
		BE626CD916EE444C00F0302D /* Utils */ = {
			isa = PBXGroup;
			children = (
				BE7E6E8116D7D17C000AA883 /* CSCredentialEntity.h */,
				BE7E6E8216D7D17C000AA883 /* CSCredentialEntity.m */,
				BE57714516BA7F89002F42E4 /* CSBasicCredential.h */,
				BE57714616BA7F89002F42E4 /* CSBasicCredential.m */,
				BE57714816BA8066002F42E4 /* CSHALRepresentation.h */,
				BE57714916BA8066002F42E4 /* CSHALRepresentation.m */,
				BE57714016BA7C19002F42E4 /* CSAuthenticator.h */,
				BE57714116BA7C44002F42E4 /* CSCredential.h */,
				BE57714216BA7C8A002F42E4 /* CSRequester.h */,
				BE57714316BA7D3E002F42E4 /* CSRepresentation.h */,
				BE57714416BA7D92002F42E4 /* CSRepresentable.h */,
				BE57714B16BA8FC7002F42E4 /* CSAPIStore.h */,
				BEF5306216C1449F003B8B58 /* CSAPIRequester.h */,
				BEF5306316C144A0003B8B58 /* CSAPIRequester.m */,
				BE0D502316C2C4B2005A1DC1 /* CSUserDefaultsAPIStore.h */,
				BE0D502416C2C4B2005A1DC1 /* CSUserDefaultsAPIStore.m */,
				BE7E6E7D16D7D0D6000AA883 /* NSError+CSExtension.h */,
				BE7E6E7E16D7D0D6000AA883 /* NSError+CSExtension.m */,
			);
			name = Utils;
			sourceTree = "<group>";
		};
		BE6BF3F217183C92004B6D85 /* Products */ = {
			isa = PBXGroup;
			children = (
				BE6BF3F317183CCF004B6D85 /* CSProduct.h */,
				BE6BF3F417183CCF004B6D85 /* CSProduct.m */,
				BEC1E2AC173BB30A00D12EF2 /* CSProductListPage.h */,
				BEC1E2AD173BB30A00D12EF2 /* CSProductListPage.m */,
				BEC1E2AF173BB3E000D12EF2 /* CSProductList.h */,
				BEC1E2B0173BB3E000D12EF2 /* CSProductList.m */,
			);
			name = Products;
			sourceTree = "<group>";
		};
		BEA65A0A16B92F1200F10CB0 /* Utils */ = {
			isa = PBXGroup;
			children = (
				BE57715716BAD162002F42E4 /* CSAPITestCase.h */,
				BE57715816BAD162002F42E4 /* CSAPITestCase.m */,
				BEA65A0B16B92F3100F10CB0 /* TestRequester.h */,
				BEA65A0C16B92F3100F10CB0 /* TestRequester.m */,
				BEA65A1116B94E4900F10CB0 /* TestApi.h */,
				BEA65A1216B94E4900F10CB0 /* TestApi.m */,
				BE4B14A816B9727300BDDD08 /* TestFixtures.h */,
				BE4B14A916B9727300BDDD08 /* TestFixtures.m */,
				BE57714C16BA8FFA002F42E4 /* TestAPIStore.h */,
				BE57714D16BA8FFA002F42E4 /* TestAPIStore.m */,
				BE57715416BAD046002F42E4 /* TestConstants.h */,
				BE57715516BAD046002F42E4 /* TestConstants.m */,
			);
			name = Utils;
			sourceTree = "<group>";
		};
		BEA65A1416B9535300F10CB0 /* Fixtures */ = {
			isa = PBXGroup;
			children = (
				BEA65A1516B9537300F10CB0 /* app.json */,
				BE4B14A616B9722A00BDDD08 /* user_post_response.json */,
				BE57713E16B98EFF002F42E4 /* user_post_response_with_reference_and_meta.json */,
				BE57715216BABC69002F42E4 /* user_get_response.json */,
				BEF5304416BFCB03003B8B58 /* user_get_response_2.json */,
				BEF5306016C124B7003B8B58 /* user_conflict_1.json */,
				BEF43CC216CE3BED00EC1BAE /* retailers_single_page.json */,
				BEF43CC416CE732800EC1BAE /* retailers_single_page_embedded.json */,
				BEE0A88716CE8D8B00EB3BB8 /* retailers_page_0_links.json */,
				BEE0A88916CE8DAD00EB3BB8 /* retailers_page_1_links.json */,
				BEE0A88B16CE8ED400EB3BB8 /* retailers_page_2_links.json */,
				BEE0A88D16D2520B00EB3BB8 /* retailers_page_0_embedded.json */,
				BEE0A88F16D2524500EB3BB8 /* retailers_page_1_embedded.json */,
				BEE0A89116D2527500EB3BB8 /* retailers_page_2_embedded.json */,
				BECAC13116D63D2000F055EF /* like.json */,
				BE62340F16D662530062A4D8 /* likes_page_0_embedded.json */,
				BE62341116D6628D0062A4D8 /* likes_page_1_embedded.json */,
				BE62341316D662B60062A4D8 /* likes_page_2_embedded.json */,
				BE7E6EC816DBB25A000AA883 /* group.json */,
				BE7E6ECC16DBB753000AA883 /* groups.json */,
				BE78D15C16E6001900DAE148 /* image.json */,
				BE78D16B16E6092300DAE148 /* picture.json */,
				BE78D16D16E60F8F00DAE148 /* retailer.json */,
				BE480BB2172685D00022216B /* retailer_81.json */,
				BE5D4C0F16EE553A0096FFFF /* productsummary.json */,
				BE6BF3F017183C11004B6D85 /* product.json */,
				BE558EA8174D0E80009FA3DA /* category.json */,
				BE558EAA174D1083009FA3DA /* categories.json */,
			);
			path = Fixtures;
			sourceTree = "<group>";
		};
/* End PBXGroup section */

/* Begin PBXNativeTarget section */
		BE06A4BB16B6E54900F345F8 /* CSApi */ = {
			isa = PBXNativeTarget;
			buildConfigurationList = BE06A4E116B6E54A00F345F8 /* Build configuration list for PBXNativeTarget "CSApi" */;
			buildPhases = (
				BE06A4B816B6E54900F345F8 /* Sources */,
				BE06A4B916B6E54900F345F8 /* Frameworks */,
				BE06A4BA16B6E54900F345F8 /* CopyFiles */,
				A4ED4B9F6B394FE5AF81B8BA /* Copy Pods Resources */,
				BE20CC8A16C9456600C010AB /* ShellScript */,
			);
			buildRules = (
			);
			dependencies = (
			);
			name = CSApi;
			productName = CSApi;
			productReference = BE06A4BC16B6E54900F345F8 /* libCSApi.a */;
			productType = "com.apple.product-type.library.static";
		};
		BE06A4CC16B6E54A00F345F8 /* CSApiTests */ = {
			isa = PBXNativeTarget;
			buildConfigurationList = BE06A4E416B6E54A00F345F8 /* Build configuration list for PBXNativeTarget "CSApiTests" */;
			buildPhases = (
				BE06A4C816B6E54A00F345F8 /* Sources */,
				BE06A4C916B6E54A00F345F8 /* Frameworks */,
				BE06A4CA16B6E54A00F345F8 /* Resources */,
				BE06A4CB16B6E54A00F345F8 /* ShellScript */,
				76E0A438B5FE4368B755EF95 /* Copy Pods Resources */,
			);
			buildRules = (
			);
			dependencies = (
				BE06A4D416B6E54A00F345F8 /* PBXTargetDependency */,
			);
			name = CSApiTests;
			productName = CSApiTests;
			productReference = BE06A4CD16B6E54A00F345F8 /* CSApiTests.octest */;
			productType = "com.apple.product-type.bundle";
		};
/* End PBXNativeTarget section */

/* Begin PBXProject section */
		BE06A4B316B6E54900F345F8 /* Project object */ = {
			isa = PBXProject;
			attributes = {
				LastUpgradeCheck = 0450;
				ORGANIZATIONNAME = "Cogenta Systems Ltd";
			};
			buildConfigurationList = BE06A4B616B6E54900F345F8 /* Build configuration list for PBXProject "CSApi" */;
			compatibilityVersion = "Xcode 3.2";
			developmentRegion = English;
			hasScannedForEncodings = 0;
			knownRegions = (
				en,
			);
			mainGroup = BE06A4B116B6E54900F345F8;
			productRefGroup = BE06A4BD16B6E54900F345F8 /* Products */;
			projectDirPath = "";
			projectRoot = "";
			targets = (
				BE06A4BB16B6E54900F345F8 /* CSApi */,
				BE06A4CC16B6E54A00F345F8 /* CSApiTests */,
			);
		};
/* End PBXProject section */

/* Begin PBXResourcesBuildPhase section */
		BE06A4CA16B6E54A00F345F8 /* Resources */ = {
			isa = PBXResourcesBuildPhase;
			buildActionMask = 2147483647;
			files = (
				BE06A4DB16B6E54A00F345F8 /* InfoPlist.strings in Resources */,
				BEA65A1616B9537300F10CB0 /* app.json in Resources */,
				BE4B14A716B9722A00BDDD08 /* user_post_response.json in Resources */,
				BE57713F16B98EFF002F42E4 /* user_post_response_with_reference_and_meta.json in Resources */,
				BE57715316BABC69002F42E4 /* user_get_response.json in Resources */,
				BEF5304516BFCB03003B8B58 /* user_get_response_2.json in Resources */,
				BEF5306116C124B7003B8B58 /* user_conflict_1.json in Resources */,
				BEF43CC316CE3BED00EC1BAE /* retailers_single_page.json in Resources */,
				BEF43CC516CE732800EC1BAE /* retailers_single_page_embedded.json in Resources */,
				BEE0A88816CE8D8B00EB3BB8 /* retailers_page_0_links.json in Resources */,
				BEE0A88A16CE8DAD00EB3BB8 /* retailers_page_1_links.json in Resources */,
				BEE0A88C16CE8ED400EB3BB8 /* retailers_page_2_links.json in Resources */,
				BEE0A88E16D2520B00EB3BB8 /* retailers_page_0_embedded.json in Resources */,
				BEE0A89016D2524500EB3BB8 /* retailers_page_1_embedded.json in Resources */,
				BEE0A89216D2527500EB3BB8 /* retailers_page_2_embedded.json in Resources */,
				BECAC13216D63D2000F055EF /* like.json in Resources */,
				BE62341016D662530062A4D8 /* likes_page_0_embedded.json in Resources */,
				BE62341216D6628D0062A4D8 /* likes_page_1_embedded.json in Resources */,
				BE62341416D662B60062A4D8 /* likes_page_2_embedded.json in Resources */,
				BE7E6EC916DBB25A000AA883 /* group.json in Resources */,
				BE7E6ECD16DBB753000AA883 /* groups.json in Resources */,
				BE78D15D16E6001900DAE148 /* image.json in Resources */,
				BE78D16C16E6092300DAE148 /* picture.json in Resources */,
				BE78D16E16E60F8F00DAE148 /* retailer.json in Resources */,
				BE5D4C1016EE553A0096FFFF /* productsummary.json in Resources */,
				BE6BF3F117183C11004B6D85 /* product.json in Resources */,
				BE480BB3172685D00022216B /* retailer_81.json in Resources */,
				BE558EA9174D0E80009FA3DA /* category.json in Resources */,
				BE558EAB174D1083009FA3DA /* categories.json in Resources */,
			);
			runOnlyForDeploymentPostprocessing = 0;
		};
/* End PBXResourcesBuildPhase section */

/* Begin PBXShellScriptBuildPhase section */
		76E0A438B5FE4368B755EF95 /* Copy Pods Resources */ = {
			isa = PBXShellScriptBuildPhase;
			buildActionMask = 2147483647;
			files = (
			);
			inputPaths = (
			);
			name = "Copy Pods Resources";
			outputPaths = (
			);
			runOnlyForDeploymentPostprocessing = 0;
			shellPath = /bin/sh;
			shellScript = "\"${SRCROOT}/Pods/Pods-test-resources.sh\"\n";
		};
		A4ED4B9F6B394FE5AF81B8BA /* Copy Pods Resources */ = {
			isa = PBXShellScriptBuildPhase;
			buildActionMask = 2147483647;
			files = (
			);
			inputPaths = (
			);
			name = "Copy Pods Resources";
			outputPaths = (
			);
			runOnlyForDeploymentPostprocessing = 0;
			shellPath = /bin/sh;
			shellScript = "\"${SRCROOT}/Pods/Pods-resources.sh\"\n";
		};
		BE06A4CB16B6E54A00F345F8 /* ShellScript */ = {
			isa = PBXShellScriptBuildPhase;
			buildActionMask = 2147483647;
			files = (
			);
			inputPaths = (
			);
			outputPaths = (
			);
			runOnlyForDeploymentPostprocessing = 0;
			shellPath = /bin/sh;
			shellScript = "# Run the unit tests in this test bundle.\n\"${SYSTEM_DEVELOPER_DIR}/Tools/RunUnitTests\"\n";
		};
		BE20CC8A16C9456600C010AB /* ShellScript */ = {
			isa = PBXShellScriptBuildPhase;
			buildActionMask = 2147483647;
			files = (
			);
			inputPaths = (
			);
			outputPaths = (
			);
			runOnlyForDeploymentPostprocessing = 0;
			shellPath = /bin/sh;
			shellScript = "/usr/local/bin/appledoc \\\n--project-name CSAPI \\\n--project-company \"Cogenta Systems Ltd\" \\\n--company-id com.cogenta \\\n--output Docs/ \\\n--logformat xcode \\\n--exit-threshold 2 \\\nCSApi/CSApi.h";
		};
/* End PBXShellScriptBuildPhase section */

/* Begin PBXSourcesBuildPhase section */
		BE06A4B816B6E54900F345F8 /* Sources */ = {
			isa = PBXSourcesBuildPhase;
			buildActionMask = 2147483647;
			files = (
				BE06A4C716B6E54900F345F8 /* CSAPI.m in Sources */,
				BE57714716BA7F89002F42E4 /* CSBasicCredential.m in Sources */,
				BE57714A16BA8066002F42E4 /* CSHALRepresentation.m in Sources */,
				BEF5306416C144A0003B8B58 /* CSAPIRequester.m in Sources */,
				BE0D502516C2C4B2005A1DC1 /* CSUserDefaultsAPIStore.m in Sources */,
				BE7E6E7F16D7D0D6000AA883 /* NSError+CSExtension.m in Sources */,
				BE7E6E8316D7D17C000AA883 /* CSCredentialEntity.m in Sources */,
				BE7E6E8616D7D235000AA883 /* CSApplication.m in Sources */,
				BE7E6E8916D7D2C6000AA883 /* CSMutableUser.m in Sources */,
				BE7E6E8C16D7D397000AA883 /* CSUser.m in Sources */,
				BE7E6E8F16D7D48E000AA883 /* CSMutableLike.m in Sources */,
				BE7E6E9216D7D536000AA883 /* CSLike.m in Sources */,
				BE7E6E9516D7D5ED000AA883 /* CSRetailer.m in Sources */,
				BE7E6E9816D7D695000AA883 /* CSListPage.m in Sources */,
				BE7E6E9B16D7D723000AA883 /* CSListItem.m in Sources */,
				BE7E6E9E16D7D777000AA883 /* CSLinkListItem.m in Sources */,
				BE7E6EA116D7D7D9000AA883 /* CSResourceListItem.m in Sources */,
				BE7E6EA416D7D872000AA883 /* CSRetailerListPage.m in Sources */,
				BE7E6EA716D7D8C0000AA883 /* CSLikeListPage.m in Sources */,
				BE7E6EAA16D7D90D000AA883 /* CSList.m in Sources */,
				BE7E6EAD16D7D971000AA883 /* CSRetailerList.m in Sources */,
				BE7E6EB016D7D9C4000AA883 /* CSLikeList.m in Sources */,
				BE7E6EB316D7DF1E000AA883 /* CSMutableGroup.m in Sources */,
				BE7E6EB616D7E09D000AA883 /* CSGroup.m in Sources */,
				BE7E6EB916D7E4CA000AA883 /* CSGroupListPage.m in Sources */,
				BE7E6ED016DBBAF2000AA883 /* CSGroupList.m in Sources */,
				BE78D15B16E5FAC400DAE148 /* CSImage.m in Sources */,
				BE78D16416E602AE00DAE148 /* CSImageList.m in Sources */,
				BE78D16A16E604A700DAE148 /* CSPicture.m in Sources */,
				BE5D4C0A16EE48F20096FFFF /* CSPictureListPage.m in Sources */,
				BE5D4C0D16EE49740096FFFF /* CSPictureList.m in Sources */,
				BE5D4C1316EE55A90096FFFF /* CSProductSummary.m in Sources */,
				BE5D4C1616F37BA70096FFFF /* CSProductSummaryListPage.m in Sources */,
				BE5D4C1916F37C170096FFFF /* CSProductSummaryList.m in Sources */,
				BE6BF3F517183CCF004B6D85 /* CSProduct.m in Sources */,
				BE480BA817258B690022216B /* CSPrice.m in Sources */,
				BE480BAB17258D9A0022216B /* CSPriceListPage.m in Sources */,
				BE480BAE17258DB90022216B /* CSPriceList.m in Sources */,
				BEC1E2AE173BB30A00D12EF2 /* CSProductListPage.m in Sources */,
				BEC1E2B1173BB3E000D12EF2 /* CSProductList.m in Sources */,
				BE558EA5174D0BDE009FA3DA /* CSCategory.m in Sources */,
				BE558EAE174D1591009FA3DA /* CSCategoryListPage.m in Sources */,
				BE558EB1174D1612009FA3DA /* CSCategoryList.m in Sources */,
			);
			runOnlyForDeploymentPostprocessing = 0;
		};
		BE06A4C816B6E54A00F345F8 /* Sources */ = {
			isa = PBXSourcesBuildPhase;
			buildActionMask = 2147483647;
			files = (
				BE06A4DE16B6E54A00F345F8 /* CSApiTests.m in Sources */,
				BEA65A0D16B92F3100F10CB0 /* TestRequester.m in Sources */,
				BEA65A1016B94DDF00F10CB0 /* CSApplicationTests.m in Sources */,
				BEA65A1316B94E4900F10CB0 /* TestApi.m in Sources */,
				BE4B14AA16B9727300BDDD08 /* TestFixtures.m in Sources */,
				BE57714E16BA8FFA002F42E4 /* TestAPIStore.m in Sources */,
				BE57715116BA9073002F42E4 /* CSApiLoginTests.m in Sources */,
				BE57715616BAD046002F42E4 /* TestConstants.m in Sources */,
				BE57715A16BAD163002F42E4 /* CSAPITestCase.m in Sources */,
				BEF5304016BC072F003B8B58 /* CSApiGetUserTests.m in Sources */,
				BEF5304316BFC851003B8B58 /* CSApiSaveUserTests.m in Sources */,
				BEF5306716C144BF003B8B58 /* CSAPIRequesterTests.m in Sources */,
				BE0D502816C2C527005A1DC1 /* CSUserDefaultsAPIStoreTests.m in Sources */,
				BE68DA8D16D62B64008ED350 /* CSApiUserLikeTests.m in Sources */,
				BE7E6EBF16DB6FD9000AA883 /* CSGroupTests.m in Sources */,
				BE7E6EC216DBA701000AA883 /* CSLikeTests.m in Sources */,
				BE7E6EC516DBAE5C000AA883 /* CSUserGroupTests.m in Sources */,
				BE78D15816E5FA4500DAE148 /* CSImageTests.m in Sources */,
				BE78D17116E6102B00DAE148 /* CSRetailerTests.m in Sources */,
				BE5D4C1C16F381950096FFFF /* CSProductSummaryTests.m in Sources */,
				BE6BF3F717185103004B6D85 /* CSProductTests.m in Sources */,
				BE480BB1172593830022216B /* CSPriceTest.m in Sources */,
				BE558EA1174D0B4A009FA3DA /* CSCategoryTests.m in Sources */,
			);
			runOnlyForDeploymentPostprocessing = 0;
		};
/* End PBXSourcesBuildPhase section */

/* Begin PBXTargetDependency section */
		BE06A4D416B6E54A00F345F8 /* PBXTargetDependency */ = {
			isa = PBXTargetDependency;
			target = BE06A4BB16B6E54900F345F8 /* CSApi */;
			targetProxy = BE06A4D316B6E54A00F345F8 /* PBXContainerItemProxy */;
		};
/* End PBXTargetDependency section */

/* Begin PBXVariantGroup section */
		BE06A4D916B6E54A00F345F8 /* InfoPlist.strings */ = {
			isa = PBXVariantGroup;
			children = (
				BE06A4DA16B6E54A00F345F8 /* en */,
			);
			name = InfoPlist.strings;
			sourceTree = "<group>";
		};
/* End PBXVariantGroup section */

/* Begin XCBuildConfiguration section */
		BE06A4DF16B6E54A00F345F8 /* Debug */ = {
			isa = XCBuildConfiguration;
			buildSettings = {
				ALWAYS_SEARCH_USER_PATHS = NO;
				CLANG_CXX_LANGUAGE_STANDARD = "gnu++0x";
				CLANG_CXX_LIBRARY = "libc++";
				CLANG_ENABLE_OBJC_ARC = YES;
				CLANG_WARN_EMPTY_BODY = YES;
				CLANG_WARN__DUPLICATE_METHOD_MATCH = YES;
				COPY_PHASE_STRIP = NO;
				GCC_C_LANGUAGE_STANDARD = gnu99;
				GCC_DYNAMIC_NO_PIC = NO;
				GCC_OPTIMIZATION_LEVEL = 0;
				GCC_PREPROCESSOR_DEFINITIONS = (
					"DEBUG=1",
					"$(inherited)",
				);
				GCC_SYMBOLS_PRIVATE_EXTERN = NO;
				GCC_WARN_ABOUT_RETURN_TYPE = YES;
				GCC_WARN_UNINITIALIZED_AUTOS = YES;
				GCC_WARN_UNUSED_VARIABLE = YES;
				IPHONEOS_DEPLOYMENT_TARGET = 6.0;
				ONLY_ACTIVE_ARCH = YES;
				SDKROOT = iphoneos;
			};
			name = Debug;
		};
		BE06A4E016B6E54A00F345F8 /* Release */ = {
			isa = XCBuildConfiguration;
			buildSettings = {
				ALWAYS_SEARCH_USER_PATHS = NO;
				CLANG_CXX_LANGUAGE_STANDARD = "gnu++0x";
				CLANG_CXX_LIBRARY = "libc++";
				CLANG_ENABLE_OBJC_ARC = YES;
				CLANG_WARN_EMPTY_BODY = YES;
				CLANG_WARN__DUPLICATE_METHOD_MATCH = YES;
				COPY_PHASE_STRIP = YES;
				GCC_C_LANGUAGE_STANDARD = gnu99;
				GCC_WARN_ABOUT_RETURN_TYPE = YES;
				GCC_WARN_UNINITIALIZED_AUTOS = YES;
				GCC_WARN_UNUSED_VARIABLE = YES;
				IPHONEOS_DEPLOYMENT_TARGET = 6.0;
				SDKROOT = iphoneos;
				VALIDATE_PRODUCT = YES;
			};
			name = Release;
		};
		BE06A4E216B6E54A00F345F8 /* Debug */ = {
			isa = XCBuildConfiguration;
			baseConfigurationReference = E11FCF6D842F44979932768C /* Pods.xcconfig */;
			buildSettings = {
				DSTROOT = /tmp/CSApi.dst;
				GCC_PRECOMPILE_PREFIX_HEADER = YES;
				GCC_PREFIX_HEADER = "CSApi/CSApi-Prefix.pch";
				OTHER_LDFLAGS = (
					"-ObjC",
					"$(inherited)",
				);
				PRODUCT_NAME = "$(TARGET_NAME)";
				SKIP_INSTALL = YES;
			};
			name = Debug;
		};
		BE06A4E316B6E54A00F345F8 /* Release */ = {
			isa = XCBuildConfiguration;
			baseConfigurationReference = E11FCF6D842F44979932768C /* Pods.xcconfig */;
			buildSettings = {
				DSTROOT = /tmp/CSApi.dst;
				GCC_PRECOMPILE_PREFIX_HEADER = YES;
				GCC_PREFIX_HEADER = "CSApi/CSApi-Prefix.pch";
				OTHER_LDFLAGS = (
					"-ObjC",
					"$(inherited)",
				);
				PRODUCT_NAME = "$(TARGET_NAME)";
				SKIP_INSTALL = YES;
			};
			name = Release;
		};
		BE06A4E516B6E54A00F345F8 /* Debug */ = {
			isa = XCBuildConfiguration;
			baseConfigurationReference = C68FEFEEA74C4920B790C3B7 /* Pods-test.xcconfig */;
			buildSettings = {
				FRAMEWORK_SEARCH_PATHS = (
					"\"$(SDKROOT)/Developer/Library/Frameworks\"",
					"\"$(DEVELOPER_LIBRARY_DIR)/Frameworks\"",
				);
				GCC_PRECOMPILE_PREFIX_HEADER = YES;
				GCC_PREFIX_HEADER = "CSApi/CSApi-Prefix.pch";
				INFOPLIST_FILE = "CSApiTests/CSApiTests-Info.plist";
				PRODUCT_NAME = "$(TARGET_NAME)";
				WRAPPER_EXTENSION = octest;
			};
			name = Debug;
		};
		BE06A4E616B6E54A00F345F8 /* Release */ = {
			isa = XCBuildConfiguration;
			baseConfigurationReference = C68FEFEEA74C4920B790C3B7 /* Pods-test.xcconfig */;
			buildSettings = {
				FRAMEWORK_SEARCH_PATHS = (
					"\"$(SDKROOT)/Developer/Library/Frameworks\"",
					"\"$(DEVELOPER_LIBRARY_DIR)/Frameworks\"",
				);
				GCC_PRECOMPILE_PREFIX_HEADER = YES;
				GCC_PREFIX_HEADER = "CSApi/CSApi-Prefix.pch";
				INFOPLIST_FILE = "CSApiTests/CSApiTests-Info.plist";
				PRODUCT_NAME = "$(TARGET_NAME)";
				WRAPPER_EXTENSION = octest;
			};
			name = Release;
		};
/* End XCBuildConfiguration section */

/* Begin XCConfigurationList section */
		BE06A4B616B6E54900F345F8 /* Build configuration list for PBXProject "CSApi" */ = {
			isa = XCConfigurationList;
			buildConfigurations = (
				BE06A4DF16B6E54A00F345F8 /* Debug */,
				BE06A4E016B6E54A00F345F8 /* Release */,
			);
			defaultConfigurationIsVisible = 0;
			defaultConfigurationName = Release;
		};
		BE06A4E116B6E54A00F345F8 /* Build configuration list for PBXNativeTarget "CSApi" */ = {
			isa = XCConfigurationList;
			buildConfigurations = (
				BE06A4E216B6E54A00F345F8 /* Debug */,
				BE06A4E316B6E54A00F345F8 /* Release */,
			);
			defaultConfigurationIsVisible = 0;
			defaultConfigurationName = Release;
		};
		BE06A4E416B6E54A00F345F8 /* Build configuration list for PBXNativeTarget "CSApiTests" */ = {
			isa = XCConfigurationList;
			buildConfigurations = (
				BE06A4E516B6E54A00F345F8 /* Debug */,
				BE06A4E616B6E54A00F345F8 /* Release */,
			);
			defaultConfigurationIsVisible = 0;
			defaultConfigurationName = Release;
		};
/* End XCConfigurationList section */
	};
	rootObject = BE06A4B316B6E54900F345F8 /* Project object */;
}
