<?xml version="1.0" encoding="UTF-8"?>
<!DOCTYPE plist PUBLIC "-//Apple//DTD PLIST 1.0//EN" "http://www.apple.com/DTDs/PropertyList-1.0.dtd">
<plist version="1.0">
<dict>
	<key>archiveVersion</key>
	<string>1</string>
	<key>classes</key>
	<dict/>
	<key>objectVersion</key>
	<string>46</string>
	<key>objects</key>
	<dict>
		<key>314A6C7236354189A46E252F</key>
		<dict>
			<key>fileRef</key>
			<string>FCAF943180214A46BE940C0E</string>
			<key>isa</key>
			<string>PBXBuildFile</string>
			<key>settings</key>
			<dict/>
		</dict>
		<key>76E0A438B5FE4368B755EF95</key>
		<dict>
			<key>buildActionMask</key>
			<string>2147483647</string>
			<key>files</key>
			<array/>
			<key>inputPaths</key>
			<array/>
			<key>isa</key>
			<string>PBXShellScriptBuildPhase</string>
			<key>name</key>
			<string>Copy Pods Resources</string>
			<key>outputPaths</key>
			<array/>
			<key>runOnlyForDeploymentPostprocessing</key>
			<string>0</string>
			<key>shellPath</key>
			<string>/bin/sh</string>
			<key>shellScript</key>
			<string>"${SRCROOT}/Pods/Pods-test-resources.sh"
</string>
			<key>showEnvVarsInLog</key>
			<string>1</string>
		</dict>
		<key>9807DF74FCE84807AA7A905A</key>
		<dict>
			<key>fileRef</key>
			<string>D0A9D9C4BB3D41BCA4100D6F</string>
			<key>isa</key>
			<string>PBXBuildFile</string>
		</dict>
		<key>A4ED4B9F6B394FE5AF81B8BA</key>
		<dict>
			<key>buildActionMask</key>
			<string>2147483647</string>
			<key>files</key>
			<array/>
			<key>inputPaths</key>
			<array/>
			<key>isa</key>
			<string>PBXShellScriptBuildPhase</string>
			<key>name</key>
			<string>Copy Pods Resources</string>
			<key>outputPaths</key>
			<array/>
			<key>runOnlyForDeploymentPostprocessing</key>
			<string>0</string>
			<key>shellPath</key>
			<string>/bin/sh</string>
			<key>shellScript</key>
			<string>"${SRCROOT}/Pods/Pods-resources.sh"
</string>
		</dict>
		<key>BE01AA7016B7FEE500982D27</key>
		<dict>
			<key>isa</key>
			<string>PBXFileReference</string>
			<key>lastKnownFileType</key>
			<string>wrapper.framework</string>
			<key>name</key>
			<string>SystemConfiguration.framework</string>
			<key>path</key>
			<string>System/Library/Frameworks/SystemConfiguration.framework</string>
			<key>sourceTree</key>
			<string>SDKROOT</string>
		</dict>
		<key>BE01AA7116B7FEE500982D27</key>
		<dict>
			<key>fileRef</key>
			<string>BE01AA7016B7FEE500982D27</string>
			<key>isa</key>
			<string>PBXBuildFile</string>
		</dict>
		<key>BE01AA7216B7FF0800982D27</key>
		<dict>
			<key>isa</key>
			<string>PBXFileReference</string>
			<key>lastKnownFileType</key>
			<string>wrapper.framework</string>
			<key>name</key>
			<string>MobileCoreServices.framework</string>
			<key>path</key>
			<string>System/Library/Frameworks/MobileCoreServices.framework</string>
			<key>sourceTree</key>
			<string>SDKROOT</string>
		</dict>
		<key>BE01AA7316B7FF0800982D27</key>
		<dict>
			<key>fileRef</key>
			<string>BE01AA7216B7FF0800982D27</string>
			<key>isa</key>
			<string>PBXBuildFile</string>
		</dict>
		<key>BE01AA7416B7FF3000982D27</key>
		<dict>
			<key>fileRef</key>
			<string>BE01AA7216B7FF0800982D27</string>
			<key>isa</key>
			<string>PBXBuildFile</string>
		</dict>
		<key>BE01AA7516B7FF3500982D27</key>
		<dict>
			<key>fileRef</key>
			<string>BE01AA7016B7FEE500982D27</string>
			<key>isa</key>
			<string>PBXBuildFile</string>
		</dict>
		<key>BE06A4B116B6E54900F345F8</key>
		<dict>
			<key>children</key>
			<array>
				<string>BE01AA7216B7FF0800982D27</string>
				<string>BE01AA7016B7FEE500982D27</string>
				<string>BE06A4C116B6E54900F345F8</string>
				<string>BE06A4D616B6E54A00F345F8</string>
				<string>BE06A4BE16B6E54900F345F8</string>
				<string>BE06A4BD16B6E54900F345F8</string>
				<string>E11FCF6D842F44979932768C</string>
				<string>C68FEFEEA74C4920B790C3B7</string>
			</array>
			<key>isa</key>
			<string>PBXGroup</string>
			<key>sourceTree</key>
			<string>&lt;group&gt;</string>
		</dict>
		<key>BE06A4B316B6E54900F345F8</key>
		<dict>
			<key>attributes</key>
			<dict>
				<key>LastUpgradeCheck</key>
				<string>0450</string>
				<key>ORGANIZATIONNAME</key>
				<string>Cogenta Systems Ltd</string>
			</dict>
			<key>buildConfigurationList</key>
			<string>BE06A4B616B6E54900F345F8</string>
			<key>compatibilityVersion</key>
			<string>Xcode 3.2</string>
			<key>developmentRegion</key>
			<string>English</string>
			<key>hasScannedForEncodings</key>
			<string>0</string>
			<key>isa</key>
			<string>PBXProject</string>
			<key>knownRegions</key>
			<array>
				<string>en</string>
			</array>
			<key>mainGroup</key>
			<string>BE06A4B116B6E54900F345F8</string>
			<key>productRefGroup</key>
			<string>BE06A4BD16B6E54900F345F8</string>
			<key>projectDirPath</key>
			<string></string>
			<key>projectReferences</key>
			<array/>
			<key>projectRoot</key>
			<string></string>
			<key>targets</key>
			<array>
				<string>BE06A4BB16B6E54900F345F8</string>
				<string>BE06A4CC16B6E54A00F345F8</string>
			</array>
		</dict>
		<key>BE06A4B616B6E54900F345F8</key>
		<dict>
			<key>buildConfigurations</key>
			<array>
				<string>BE06A4DF16B6E54A00F345F8</string>
				<string>BE06A4E016B6E54A00F345F8</string>
			</array>
			<key>defaultConfigurationIsVisible</key>
			<string>0</string>
			<key>defaultConfigurationName</key>
			<string>Release</string>
			<key>isa</key>
			<string>XCConfigurationList</string>
		</dict>
		<key>BE06A4B816B6E54900F345F8</key>
		<dict>
			<key>buildActionMask</key>
			<string>2147483647</string>
			<key>files</key>
			<array>
				<string>BE06A4C716B6E54900F345F8</string>
				<string>BE57714716BA7F89002F42E4</string>
				<string>BE57714A16BA8066002F42E4</string>
				<string>BEF5306416C144A0003B8B58</string>
			</array>
			<key>isa</key>
			<string>PBXSourcesBuildPhase</string>
			<key>runOnlyForDeploymentPostprocessing</key>
			<string>0</string>
		</dict>
		<key>BE06A4B916B6E54900F345F8</key>
		<dict>
			<key>buildActionMask</key>
			<string>2147483647</string>
			<key>files</key>
			<array>
				<string>BE01AA7316B7FF0800982D27</string>
				<string>BE01AA7116B7FEE500982D27</string>
				<string>BE06A4C016B6E54900F345F8</string>
				<string>9807DF74FCE84807AA7A905A</string>
			</array>
			<key>isa</key>
			<string>PBXFrameworksBuildPhase</string>
			<key>runOnlyForDeploymentPostprocessing</key>
			<string>0</string>
		</dict>
		<key>BE06A4BA16B6E54900F345F8</key>
		<dict>
			<key>buildActionMask</key>
			<string>2147483647</string>
			<key>dstPath</key>
			<string>include/${PRODUCT_NAME}</string>
			<key>dstSubfolderSpec</key>
			<string>16</string>
			<key>files</key>
			<array>
				<string>BE06A4C516B6E54900F345F8</string>
			</array>
			<key>isa</key>
			<string>PBXCopyFilesBuildPhase</string>
			<key>runOnlyForDeploymentPostprocessing</key>
			<string>0</string>
		</dict>
		<key>BE06A4BB16B6E54900F345F8</key>
		<dict>
			<key>buildConfigurationList</key>
			<string>BE06A4E116B6E54A00F345F8</string>
			<key>buildPhases</key>
			<array>
				<string>BE06A4B816B6E54900F345F8</string>
				<string>BE06A4B916B6E54900F345F8</string>
				<string>BE06A4BA16B6E54900F345F8</string>
				<string>A4ED4B9F6B394FE5AF81B8BA</string>
			</array>
			<key>buildRules</key>
			<array/>
			<key>dependencies</key>
			<array/>
			<key>isa</key>
			<string>PBXNativeTarget</string>
			<key>name</key>
			<string>CSApi</string>
			<key>productName</key>
			<string>CSApi</string>
			<key>productReference</key>
			<string>BE06A4BC16B6E54900F345F8</string>
			<key>productType</key>
			<string>com.apple.product-type.library.static</string>
		</dict>
		<key>BE06A4BC16B6E54900F345F8</key>
		<dict>
			<key>explicitFileType</key>
			<string>archive.ar</string>
			<key>includeInIndex</key>
			<string>0</string>
			<key>isa</key>
			<string>PBXFileReference</string>
			<key>path</key>
			<string>libCSApi.a</string>
			<key>sourceTree</key>
			<string>BUILT_PRODUCTS_DIR</string>
		</dict>
		<key>BE06A4BD16B6E54900F345F8</key>
		<dict>
			<key>children</key>
			<array>
				<string>BE06A4BC16B6E54900F345F8</string>
				<string>BE06A4CD16B6E54A00F345F8</string>
			</array>
			<key>isa</key>
			<string>PBXGroup</string>
			<key>name</key>
			<string>Products</string>
			<key>sourceTree</key>
			<string>&lt;group&gt;</string>
		</dict>
		<key>BE06A4BE16B6E54900F345F8</key>
		<dict>
			<key>children</key>
			<array>
				<string>BE06A4BF16B6E54900F345F8</string>
				<string>BE06A4CE16B6E54A00F345F8</string>
				<string>BE06A4D016B6E54A00F345F8</string>
				<string>D0A9D9C4BB3D41BCA4100D6F</string>
				<string>FCAF943180214A46BE940C0E</string>
			</array>
			<key>isa</key>
			<string>PBXGroup</string>
			<key>name</key>
			<string>Frameworks</string>
			<key>sourceTree</key>
			<string>&lt;group&gt;</string>
		</dict>
		<key>BE06A4BF16B6E54900F345F8</key>
		<dict>
			<key>isa</key>
			<string>PBXFileReference</string>
			<key>lastKnownFileType</key>
			<string>wrapper.framework</string>
			<key>name</key>
			<string>Foundation.framework</string>
			<key>path</key>
			<string>System/Library/Frameworks/Foundation.framework</string>
			<key>sourceTree</key>
			<string>SDKROOT</string>
		</dict>
		<key>BE06A4C016B6E54900F345F8</key>
		<dict>
			<key>fileRef</key>
			<string>BE06A4BF16B6E54900F345F8</string>
			<key>isa</key>
			<string>PBXBuildFile</string>
		</dict>
		<key>BE06A4C116B6E54900F345F8</key>
		<dict>
			<key>children</key>
			<array>
				<string>BE06A4C416B6E54900F345F8</string>
				<string>BE06A4C616B6E54900F345F8</string>
				<string>BE57714516BA7F89002F42E4</string>
				<string>BE57714616BA7F89002F42E4</string>
				<string>BE57714816BA8066002F42E4</string>
				<string>BE57714916BA8066002F42E4</string>
				<string>BE06A4C216B6E54900F345F8</string>
				<string>BE57714016BA7C19002F42E4</string>
				<string>BE57714116BA7C44002F42E4</string>
				<string>BE57714216BA7C8A002F42E4</string>
				<string>BE57714316BA7D3E002F42E4</string>
				<string>BE57714416BA7D92002F42E4</string>
				<string>BE57714B16BA8FC7002F42E4</string>
				<string>BEF5306216C1449F003B8B58</string>
				<string>BEF5306316C144A0003B8B58</string>
			</array>
			<key>isa</key>
			<string>PBXGroup</string>
			<key>path</key>
			<string>CSApi</string>
			<key>sourceTree</key>
			<string>&lt;group&gt;</string>
		</dict>
		<key>BE06A4C216B6E54900F345F8</key>
		<dict>
			<key>children</key>
			<array>
				<string>BE06A4C316B6E54900F345F8</string>
			</array>
			<key>isa</key>
			<string>PBXGroup</string>
			<key>name</key>
			<string>Supporting Files</string>
			<key>sourceTree</key>
			<string>&lt;group&gt;</string>
		</dict>
		<key>BE06A4C316B6E54900F345F8</key>
		<dict>
			<key>isa</key>
			<string>PBXFileReference</string>
			<key>lastKnownFileType</key>
			<string>sourcecode.c.h</string>
			<key>path</key>
			<string>CSApi-Prefix.pch</string>
			<key>sourceTree</key>
			<string>&lt;group&gt;</string>
		</dict>
		<key>BE06A4C416B6E54900F345F8</key>
		<dict>
			<key>isa</key>
			<string>PBXFileReference</string>
			<key>lastKnownFileType</key>
			<string>sourcecode.c.h</string>
			<key>path</key>
			<string>CSApi.h</string>
			<key>sourceTree</key>
			<string>&lt;group&gt;</string>
		</dict>
		<key>BE06A4C516B6E54900F345F8</key>
		<dict>
			<key>fileRef</key>
			<string>BE06A4C416B6E54900F345F8</string>
			<key>isa</key>
			<string>PBXBuildFile</string>
		</dict>
		<key>BE06A4C616B6E54900F345F8</key>
		<dict>
			<key>isa</key>
			<string>PBXFileReference</string>
			<key>lastKnownFileType</key>
			<string>sourcecode.c.objc</string>
			<key>lineEnding</key>
			<string>0</string>
			<key>path</key>
			<string>CSApi.m</string>
			<key>sourceTree</key>
			<string>&lt;group&gt;</string>
			<key>xcLanguageSpecificationIdentifier</key>
			<string>xcode.lang.objc</string>
		</dict>
		<key>BE06A4C716B6E54900F345F8</key>
		<dict>
			<key>fileRef</key>
			<string>BE06A4C616B6E54900F345F8</string>
			<key>isa</key>
			<string>PBXBuildFile</string>
		</dict>
		<key>BE06A4C816B6E54A00F345F8</key>
		<dict>
			<key>buildActionMask</key>
			<string>2147483647</string>
			<key>files</key>
			<array>
				<string>BE06A4DE16B6E54A00F345F8</string>
				<string>BEA65A0D16B92F3100F10CB0</string>
				<string>BEA65A1016B94DDF00F10CB0</string>
				<string>BEA65A1316B94E4900F10CB0</string>
				<string>BE4B14AA16B9727300BDDD08</string>
				<string>BE57714E16BA8FFA002F42E4</string>
				<string>BE57715116BA9073002F42E4</string>
				<string>BE57715616BAD046002F42E4</string>
				<string>BE57715A16BAD163002F42E4</string>
				<string>BEF5304016BC072F003B8B58</string>
				<string>BEF5304316BFC851003B8B58</string>
				<string>BEF5306716C144BF003B8B58</string>
			</array>
			<key>isa</key>
			<string>PBXSourcesBuildPhase</string>
			<key>runOnlyForDeploymentPostprocessing</key>
			<string>0</string>
		</dict>
		<key>BE06A4C916B6E54A00F345F8</key>
		<dict>
			<key>buildActionMask</key>
			<string>2147483647</string>
			<key>files</key>
			<array>
				<string>BE01AA7516B7FF3500982D27</string>
				<string>BE01AA7416B7FF3000982D27</string>
				<string>BE06A4CF16B6E54A00F345F8</string>
				<string>BE06A4D116B6E54A00F345F8</string>
				<string>BE06A4D216B6E54A00F345F8</string>
				<string>BE06A4D516B6E54A00F345F8</string>
				<string>314A6C7236354189A46E252F</string>
			</array>
			<key>isa</key>
			<string>PBXFrameworksBuildPhase</string>
			<key>runOnlyForDeploymentPostprocessing</key>
			<string>0</string>
		</dict>
		<key>BE06A4CA16B6E54A00F345F8</key>
		<dict>
			<key>buildActionMask</key>
			<string>2147483647</string>
			<key>files</key>
			<array>
				<string>BE06A4DB16B6E54A00F345F8</string>
				<string>BEA65A1616B9537300F10CB0</string>
				<string>BE4B14A716B9722A00BDDD08</string>
				<string>BE57713F16B98EFF002F42E4</string>
				<string>BE57715316BABC69002F42E4</string>
				<string>BEF5304516BFCB03003B8B58</string>
				<string>BEF5306116C124B7003B8B58</string>
			</array>
			<key>isa</key>
			<string>PBXResourcesBuildPhase</string>
			<key>runOnlyForDeploymentPostprocessing</key>
			<string>0</string>
		</dict>
		<key>BE06A4CB16B6E54A00F345F8</key>
		<dict>
			<key>buildActionMask</key>
			<string>2147483647</string>
			<key>files</key>
			<array/>
			<key>inputPaths</key>
			<array/>
			<key>isa</key>
			<string>PBXShellScriptBuildPhase</string>
			<key>outputPaths</key>
			<array/>
			<key>runOnlyForDeploymentPostprocessing</key>
			<string>0</string>
			<key>shellPath</key>
			<string>/bin/sh</string>
			<key>shellScript</key>
			<string># Run the unit tests in this test bundle.
"${SYSTEM_DEVELOPER_DIR}/Tools/RunUnitTests"
</string>
		</dict>
		<key>BE06A4CC16B6E54A00F345F8</key>
		<dict>
			<key>buildConfigurationList</key>
			<string>BE06A4E416B6E54A00F345F8</string>
			<key>buildPhases</key>
			<array>
				<string>BE06A4C816B6E54A00F345F8</string>
				<string>BE06A4C916B6E54A00F345F8</string>
				<string>BE06A4CA16B6E54A00F345F8</string>
				<string>BE06A4CB16B6E54A00F345F8</string>
				<string>76E0A438B5FE4368B755EF95</string>
			</array>
			<key>buildRules</key>
			<array/>
			<key>dependencies</key>
			<array>
				<string>BE06A4D416B6E54A00F345F8</string>
			</array>
			<key>isa</key>
			<string>PBXNativeTarget</string>
			<key>name</key>
			<string>CSApiTests</string>
			<key>productName</key>
			<string>CSApiTests</string>
			<key>productReference</key>
			<string>BE06A4CD16B6E54A00F345F8</string>
			<key>productType</key>
			<string>com.apple.product-type.bundle</string>
		</dict>
		<key>BE06A4CD16B6E54A00F345F8</key>
		<dict>
			<key>explicitFileType</key>
			<string>wrapper.cfbundle</string>
			<key>includeInIndex</key>
			<string>0</string>
			<key>isa</key>
			<string>PBXFileReference</string>
			<key>path</key>
			<string>CSApiTests.octest</string>
			<key>sourceTree</key>
			<string>BUILT_PRODUCTS_DIR</string>
		</dict>
		<key>BE06A4CE16B6E54A00F345F8</key>
		<dict>
			<key>isa</key>
			<string>PBXFileReference</string>
			<key>lastKnownFileType</key>
			<string>wrapper.framework</string>
			<key>name</key>
			<string>SenTestingKit.framework</string>
			<key>path</key>
			<string>Library/Frameworks/SenTestingKit.framework</string>
			<key>sourceTree</key>
			<string>DEVELOPER_DIR</string>
		</dict>
		<key>BE06A4CF16B6E54A00F345F8</key>
		<dict>
			<key>fileRef</key>
			<string>BE06A4CE16B6E54A00F345F8</string>
			<key>isa</key>
			<string>PBXBuildFile</string>
		</dict>
		<key>BE06A4D016B6E54A00F345F8</key>
		<dict>
			<key>isa</key>
			<string>PBXFileReference</string>
			<key>lastKnownFileType</key>
			<string>wrapper.framework</string>
			<key>name</key>
			<string>UIKit.framework</string>
			<key>path</key>
			<string>Library/Frameworks/UIKit.framework</string>
			<key>sourceTree</key>
			<string>DEVELOPER_DIR</string>
		</dict>
		<key>BE06A4D116B6E54A00F345F8</key>
		<dict>
			<key>fileRef</key>
			<string>BE06A4D016B6E54A00F345F8</string>
			<key>isa</key>
			<string>PBXBuildFile</string>
		</dict>
		<key>BE06A4D216B6E54A00F345F8</key>
		<dict>
			<key>fileRef</key>
			<string>BE06A4BF16B6E54900F345F8</string>
			<key>isa</key>
			<string>PBXBuildFile</string>
		</dict>
		<key>BE06A4D316B6E54A00F345F8</key>
		<dict>
			<key>containerPortal</key>
			<string>BE06A4B316B6E54900F345F8</string>
			<key>isa</key>
			<string>PBXContainerItemProxy</string>
			<key>proxyType</key>
			<string>1</string>
			<key>remoteGlobalIDString</key>
			<string>BE06A4BB16B6E54900F345F8</string>
			<key>remoteInfo</key>
			<string>CSApi</string>
		</dict>
		<key>BE06A4D416B6E54A00F345F8</key>
		<dict>
			<key>isa</key>
			<string>PBXTargetDependency</string>
			<key>target</key>
			<string>BE06A4BB16B6E54900F345F8</string>
			<key>targetProxy</key>
			<string>BE06A4D316B6E54A00F345F8</string>
		</dict>
		<key>BE06A4D516B6E54A00F345F8</key>
		<dict>
			<key>fileRef</key>
			<string>BE06A4BC16B6E54900F345F8</string>
			<key>isa</key>
			<string>PBXBuildFile</string>
		</dict>
		<key>BE06A4D616B6E54A00F345F8</key>
		<dict>
			<key>children</key>
			<array>
				<string>BEA65A1416B9535300F10CB0</string>
				<string>BEA65A0A16B92F1200F10CB0</string>
				<string>BE06A4DD16B6E54A00F345F8</string>
				<string>BEA65A0F16B94DDF00F10CB0</string>
				<string>BE57715016BA9073002F42E4</string>
				<string>BE06A4D716B6E54A00F345F8</string>
				<string>BEF5303F16BC072F003B8B58</string>
				<string>BEF5304216BFC851003B8B58</string>
				<string>BEF5306616C144BF003B8B58</string>
			</array>
			<key>isa</key>
			<string>PBXGroup</string>
			<key>path</key>
			<string>CSApiTests</string>
			<key>sourceTree</key>
			<string>&lt;group&gt;</string>
		</dict>
		<key>BE06A4D716B6E54A00F345F8</key>
		<dict>
			<key>children</key>
			<array>
				<string>BE06A4D816B6E54A00F345F8</string>
				<string>BE06A4D916B6E54A00F345F8</string>
			</array>
			<key>isa</key>
			<string>PBXGroup</string>
			<key>name</key>
			<string>Supporting Files</string>
			<key>sourceTree</key>
			<string>&lt;group&gt;</string>
		</dict>
		<key>BE06A4D816B6E54A00F345F8</key>
		<dict>
			<key>isa</key>
			<string>PBXFileReference</string>
			<key>lastKnownFileType</key>
			<string>text.plist.xml</string>
			<key>path</key>
			<string>CSApiTests-Info.plist</string>
			<key>sourceTree</key>
			<string>&lt;group&gt;</string>
		</dict>
		<key>BE06A4D916B6E54A00F345F8</key>
		<dict>
			<key>children</key>
			<array>
				<string>BE06A4DA16B6E54A00F345F8</string>
			</array>
			<key>isa</key>
			<string>PBXVariantGroup</string>
			<key>name</key>
			<string>InfoPlist.strings</string>
			<key>sourceTree</key>
			<string>&lt;group&gt;</string>
		</dict>
		<key>BE06A4DA16B6E54A00F345F8</key>
		<dict>
			<key>isa</key>
			<string>PBXFileReference</string>
			<key>lastKnownFileType</key>
			<string>text.plist.strings</string>
			<key>name</key>
			<string>en</string>
			<key>path</key>
			<string>en.lproj/InfoPlist.strings</string>
			<key>sourceTree</key>
			<string>&lt;group&gt;</string>
		</dict>
		<key>BE06A4DB16B6E54A00F345F8</key>
		<dict>
			<key>fileRef</key>
			<string>BE06A4D916B6E54A00F345F8</string>
			<key>isa</key>
			<string>PBXBuildFile</string>
		</dict>
		<key>BE06A4DD16B6E54A00F345F8</key>
		<dict>
			<key>isa</key>
			<string>PBXFileReference</string>
			<key>lastKnownFileType</key>
			<string>sourcecode.c.objc</string>
			<key>path</key>
			<string>CSApiTests.m</string>
			<key>sourceTree</key>
			<string>&lt;group&gt;</string>
		</dict>
		<key>BE06A4DE16B6E54A00F345F8</key>
		<dict>
			<key>fileRef</key>
			<string>BE06A4DD16B6E54A00F345F8</string>
			<key>isa</key>
			<string>PBXBuildFile</string>
		</dict>
		<key>BE06A4DF16B6E54A00F345F8</key>
		<dict>
			<key>buildSettings</key>
			<dict>
				<key>ALWAYS_SEARCH_USER_PATHS</key>
				<string>NO</string>
				<key>CLANG_CXX_LANGUAGE_STANDARD</key>
				<string>gnu++0x</string>
				<key>CLANG_CXX_LIBRARY</key>
				<string>libc++</string>
				<key>CLANG_ENABLE_OBJC_ARC</key>
				<string>YES</string>
				<key>CLANG_WARN_EMPTY_BODY</key>
				<string>YES</string>
				<key>CLANG_WARN__DUPLICATE_METHOD_MATCH</key>
				<string>YES</string>
				<key>COPY_PHASE_STRIP</key>
				<string>NO</string>
				<key>GCC_C_LANGUAGE_STANDARD</key>
				<string>gnu99</string>
				<key>GCC_DYNAMIC_NO_PIC</key>
				<string>NO</string>
				<key>GCC_OPTIMIZATION_LEVEL</key>
				<string>0</string>
				<key>GCC_PREPROCESSOR_DEFINITIONS</key>
				<array>
					<string>DEBUG=1</string>
					<string>$(inherited)</string>
				</array>
				<key>GCC_SYMBOLS_PRIVATE_EXTERN</key>
				<string>NO</string>
				<key>GCC_WARN_ABOUT_RETURN_TYPE</key>
				<string>YES</string>
				<key>GCC_WARN_UNINITIALIZED_AUTOS</key>
				<string>YES</string>
				<key>GCC_WARN_UNUSED_VARIABLE</key>
				<string>YES</string>
				<key>IPHONEOS_DEPLOYMENT_TARGET</key>
				<string>6.0</string>
				<key>ONLY_ACTIVE_ARCH</key>
				<string>YES</string>
				<key>SDKROOT</key>
				<string>iphoneos</string>
			</dict>
			<key>isa</key>
			<string>XCBuildConfiguration</string>
			<key>name</key>
			<string>Debug</string>
		</dict>
		<key>BE06A4E016B6E54A00F345F8</key>
		<dict>
			<key>buildSettings</key>
			<dict>
				<key>ALWAYS_SEARCH_USER_PATHS</key>
				<string>NO</string>
				<key>CLANG_CXX_LANGUAGE_STANDARD</key>
				<string>gnu++0x</string>
				<key>CLANG_CXX_LIBRARY</key>
				<string>libc++</string>
				<key>CLANG_ENABLE_OBJC_ARC</key>
				<string>YES</string>
				<key>CLANG_WARN_EMPTY_BODY</key>
				<string>YES</string>
				<key>CLANG_WARN__DUPLICATE_METHOD_MATCH</key>
				<string>YES</string>
				<key>COPY_PHASE_STRIP</key>
				<string>YES</string>
				<key>GCC_C_LANGUAGE_STANDARD</key>
				<string>gnu99</string>
				<key>GCC_WARN_ABOUT_RETURN_TYPE</key>
				<string>YES</string>
				<key>GCC_WARN_UNINITIALIZED_AUTOS</key>
				<string>YES</string>
				<key>GCC_WARN_UNUSED_VARIABLE</key>
				<string>YES</string>
				<key>IPHONEOS_DEPLOYMENT_TARGET</key>
				<string>6.0</string>
				<key>SDKROOT</key>
				<string>iphoneos</string>
				<key>VALIDATE_PRODUCT</key>
				<string>YES</string>
			</dict>
			<key>isa</key>
			<string>XCBuildConfiguration</string>
			<key>name</key>
			<string>Release</string>
		</dict>
		<key>BE06A4E116B6E54A00F345F8</key>
		<dict>
			<key>buildConfigurations</key>
			<array>
				<string>BE06A4E216B6E54A00F345F8</string>
				<string>BE06A4E316B6E54A00F345F8</string>
			</array>
			<key>defaultConfigurationIsVisible</key>
			<string>0</string>
			<key>defaultConfigurationName</key>
			<string>Release</string>
			<key>isa</key>
			<string>XCConfigurationList</string>
		</dict>
		<key>BE06A4E216B6E54A00F345F8</key>
		<dict>
			<key>baseConfigurationReference</key>
			<string>E11FCF6D842F44979932768C</string>
			<key>buildSettings</key>
			<dict>
				<key>DSTROOT</key>
				<string>/tmp/CSApi.dst</string>
				<key>GCC_PRECOMPILE_PREFIX_HEADER</key>
				<string>YES</string>
				<key>GCC_PREFIX_HEADER</key>
				<string>CSApi/CSApi-Prefix.pch</string>
				<key>OTHER_LDFLAGS</key>
				<array>
					<string>-ObjC</string>
					<string>$(inherited)</string>
				</array>
				<key>PRODUCT_NAME</key>
				<string>$(TARGET_NAME)</string>
				<key>SKIP_INSTALL</key>
				<string>YES</string>
			</dict>
			<key>isa</key>
			<string>XCBuildConfiguration</string>
			<key>name</key>
			<string>Debug</string>
		</dict>
		<key>BE06A4E316B6E54A00F345F8</key>
		<dict>
			<key>baseConfigurationReference</key>
			<string>E11FCF6D842F44979932768C</string>
			<key>buildSettings</key>
			<dict>
				<key>DSTROOT</key>
				<string>/tmp/CSApi.dst</string>
				<key>GCC_PRECOMPILE_PREFIX_HEADER</key>
				<string>YES</string>
				<key>GCC_PREFIX_HEADER</key>
				<string>CSApi/CSApi-Prefix.pch</string>
				<key>OTHER_LDFLAGS</key>
				<array>
					<string>-ObjC</string>
					<string>$(inherited)</string>
				</array>
				<key>PRODUCT_NAME</key>
				<string>$(TARGET_NAME)</string>
				<key>SKIP_INSTALL</key>
				<string>YES</string>
			</dict>
			<key>isa</key>
			<string>XCBuildConfiguration</string>
			<key>name</key>
			<string>Release</string>
		</dict>
		<key>BE06A4E416B6E54A00F345F8</key>
		<dict>
			<key>buildConfigurations</key>
			<array>
				<string>BE06A4E516B6E54A00F345F8</string>
				<string>BE06A4E616B6E54A00F345F8</string>
			</array>
			<key>defaultConfigurationIsVisible</key>
			<string>0</string>
			<key>defaultConfigurationName</key>
			<string>Release</string>
			<key>isa</key>
			<string>XCConfigurationList</string>
		</dict>
		<key>BE06A4E516B6E54A00F345F8</key>
		<dict>
			<key>baseConfigurationReference</key>
			<string>C68FEFEEA74C4920B790C3B7</string>
			<key>buildSettings</key>
			<dict>
				<key>FRAMEWORK_SEARCH_PATHS</key>
				<array>
					<string>"$(SDKROOT)/Developer/Library/Frameworks"</string>
					<string>"$(DEVELOPER_LIBRARY_DIR)/Frameworks"</string>
				</array>
				<key>GCC_PRECOMPILE_PREFIX_HEADER</key>
				<string>YES</string>
				<key>GCC_PREFIX_HEADER</key>
				<string>CSApi/CSApi-Prefix.pch</string>
				<key>INFOPLIST_FILE</key>
				<string>CSApiTests/CSApiTests-Info.plist</string>
				<key>PRODUCT_NAME</key>
				<string>$(TARGET_NAME)</string>
				<key>WRAPPER_EXTENSION</key>
				<string>octest</string>
			</dict>
			<key>isa</key>
			<string>XCBuildConfiguration</string>
			<key>name</key>
			<string>Debug</string>
		</dict>
		<key>BE06A4E616B6E54A00F345F8</key>
		<dict>
			<key>baseConfigurationReference</key>
			<string>C68FEFEEA74C4920B790C3B7</string>
			<key>buildSettings</key>
			<dict>
				<key>FRAMEWORK_SEARCH_PATHS</key>
				<array>
					<string>"$(SDKROOT)/Developer/Library/Frameworks"</string>
					<string>"$(DEVELOPER_LIBRARY_DIR)/Frameworks"</string>
				</array>
				<key>GCC_PRECOMPILE_PREFIX_HEADER</key>
				<string>YES</string>
				<key>GCC_PREFIX_HEADER</key>
				<string>CSApi/CSApi-Prefix.pch</string>
				<key>INFOPLIST_FILE</key>
				<string>CSApiTests/CSApiTests-Info.plist</string>
				<key>PRODUCT_NAME</key>
				<string>$(TARGET_NAME)</string>
				<key>WRAPPER_EXTENSION</key>
				<string>octest</string>
			</dict>
			<key>isa</key>
			<string>XCBuildConfiguration</string>
			<key>name</key>
			<string>Release</string>
		</dict>
		<key>BE4B14A616B9722A00BDDD08</key>
		<dict>
			<key>fileEncoding</key>
			<string>4</string>
			<key>isa</key>
			<string>PBXFileReference</string>
			<key>lastKnownFileType</key>
			<string>text.json</string>
			<key>name</key>
			<string>user_post_response.json</string>
			<key>path</key>
			<string>Fixtures/user_post_response.json</string>
			<key>sourceTree</key>
			<string>&lt;group&gt;</string>
		</dict>
		<key>BE4B14A716B9722A00BDDD08</key>
		<dict>
			<key>fileRef</key>
			<string>BE4B14A616B9722A00BDDD08</string>
			<key>isa</key>
			<string>PBXBuildFile</string>
		</dict>
		<key>BE4B14A816B9727300BDDD08</key>
		<dict>
			<key>fileEncoding</key>
			<string>4</string>
			<key>isa</key>
			<string>PBXFileReference</string>
			<key>lastKnownFileType</key>
			<string>sourcecode.c.h</string>
			<key>path</key>
			<string>TestFixtures.h</string>
			<key>sourceTree</key>
			<string>&lt;group&gt;</string>
		</dict>
		<key>BE4B14A916B9727300BDDD08</key>
		<dict>
			<key>fileEncoding</key>
			<string>4</string>
			<key>isa</key>
			<string>PBXFileReference</string>
			<key>lastKnownFileType</key>
			<string>sourcecode.c.objc</string>
			<key>path</key>
			<string>TestFixtures.m</string>
			<key>sourceTree</key>
			<string>&lt;group&gt;</string>
		</dict>
		<key>BE4B14AA16B9727300BDDD08</key>
		<dict>
			<key>fileRef</key>
			<string>BE4B14A916B9727300BDDD08</string>
			<key>isa</key>
			<string>PBXBuildFile</string>
		</dict>
		<key>BE57713E16B98EFF002F42E4</key>
		<dict>
			<key>fileEncoding</key>
			<string>4</string>
			<key>isa</key>
			<string>PBXFileReference</string>
			<key>lastKnownFileType</key>
			<string>text.json</string>
			<key>name</key>
			<string>user_post_response_with_reference_and_meta.json</string>
			<key>path</key>
			<string>Fixtures/user_post_response_with_reference_and_meta.json</string>
			<key>sourceTree</key>
			<string>&lt;group&gt;</string>
		</dict>
		<key>BE57713F16B98EFF002F42E4</key>
		<dict>
			<key>fileRef</key>
			<string>BE57713E16B98EFF002F42E4</string>
			<key>isa</key>
			<string>PBXBuildFile</string>
		</dict>
		<key>BE57714016BA7C19002F42E4</key>
		<dict>
			<key>isa</key>
			<string>PBXFileReference</string>
			<key>lastKnownFileType</key>
			<string>sourcecode.c.h</string>
			<key>path</key>
			<string>CSAuthenticator.h</string>
			<key>sourceTree</key>
			<string>&lt;group&gt;</string>
		</dict>
		<key>BE57714116BA7C44002F42E4</key>
		<dict>
			<key>isa</key>
			<string>PBXFileReference</string>
			<key>lastKnownFileType</key>
			<string>sourcecode.c.h</string>
			<key>path</key>
			<string>CSCredential.h</string>
			<key>sourceTree</key>
			<string>&lt;group&gt;</string>
		</dict>
		<key>BE57714216BA7C8A002F42E4</key>
		<dict>
			<key>isa</key>
			<string>PBXFileReference</string>
			<key>lastKnownFileType</key>
			<string>sourcecode.c.h</string>
			<key>path</key>
			<string>CSRequester.h</string>
			<key>sourceTree</key>
			<string>&lt;group&gt;</string>
		</dict>
		<key>BE57714316BA7D3E002F42E4</key>
		<dict>
			<key>isa</key>
			<string>PBXFileReference</string>
			<key>lastKnownFileType</key>
			<string>sourcecode.c.h</string>
			<key>path</key>
			<string>CSRepresentation.h</string>
			<key>sourceTree</key>
			<string>&lt;group&gt;</string>
		</dict>
		<key>BE57714416BA7D92002F42E4</key>
		<dict>
			<key>isa</key>
			<string>PBXFileReference</string>
			<key>lastKnownFileType</key>
			<string>sourcecode.c.h</string>
			<key>path</key>
			<string>CSRepresentable.h</string>
			<key>sourceTree</key>
			<string>&lt;group&gt;</string>
		</dict>
		<key>BE57714516BA7F89002F42E4</key>
		<dict>
			<key>fileEncoding</key>
			<string>4</string>
			<key>isa</key>
			<string>PBXFileReference</string>
			<key>lastKnownFileType</key>
			<string>sourcecode.c.h</string>
			<key>path</key>
			<string>CSBasicCredential.h</string>
			<key>sourceTree</key>
			<string>&lt;group&gt;</string>
		</dict>
		<key>BE57714616BA7F89002F42E4</key>
		<dict>
			<key>fileEncoding</key>
			<string>4</string>
			<key>isa</key>
			<string>PBXFileReference</string>
			<key>lastKnownFileType</key>
			<string>sourcecode.c.objc</string>
			<key>path</key>
			<string>CSBasicCredential.m</string>
			<key>sourceTree</key>
			<string>&lt;group&gt;</string>
		</dict>
		<key>BE57714716BA7F89002F42E4</key>
		<dict>
			<key>fileRef</key>
			<string>BE57714616BA7F89002F42E4</string>
			<key>isa</key>
			<string>PBXBuildFile</string>
		</dict>
		<key>BE57714816BA8066002F42E4</key>
		<dict>
			<key>fileEncoding</key>
			<string>4</string>
			<key>isa</key>
			<string>PBXFileReference</string>
			<key>lastKnownFileType</key>
			<string>sourcecode.c.h</string>
			<key>path</key>
			<string>CSHALRepresentation.h</string>
			<key>sourceTree</key>
			<string>&lt;group&gt;</string>
		</dict>
		<key>BE57714916BA8066002F42E4</key>
		<dict>
			<key>fileEncoding</key>
			<string>4</string>
			<key>isa</key>
			<string>PBXFileReference</string>
			<key>lastKnownFileType</key>
			<string>sourcecode.c.objc</string>
			<key>path</key>
			<string>CSHALRepresentation.m</string>
			<key>sourceTree</key>
			<string>&lt;group&gt;</string>
		</dict>
		<key>BE57714A16BA8066002F42E4</key>
		<dict>
			<key>fileRef</key>
			<string>BE57714916BA8066002F42E4</string>
			<key>isa</key>
			<string>PBXBuildFile</string>
		</dict>
		<key>BE57714B16BA8FC7002F42E4</key>
		<dict>
			<key>isa</key>
			<string>PBXFileReference</string>
			<key>lastKnownFileType</key>
			<string>sourcecode.c.h</string>
			<key>path</key>
			<string>CSAPIStore.h</string>
			<key>sourceTree</key>
			<string>&lt;group&gt;</string>
		</dict>
		<key>BE57714C16BA8FFA002F42E4</key>
		<dict>
			<key>fileEncoding</key>
			<string>4</string>
			<key>isa</key>
			<string>PBXFileReference</string>
			<key>lastKnownFileType</key>
			<string>sourcecode.c.h</string>
			<key>path</key>
			<string>TestAPIStore.h</string>
			<key>sourceTree</key>
			<string>&lt;group&gt;</string>
		</dict>
		<key>BE57714D16BA8FFA002F42E4</key>
		<dict>
			<key>fileEncoding</key>
			<string>4</string>
			<key>isa</key>
			<string>PBXFileReference</string>
			<key>lastKnownFileType</key>
			<string>sourcecode.c.objc</string>
			<key>path</key>
			<string>TestAPIStore.m</string>
			<key>sourceTree</key>
			<string>&lt;group&gt;</string>
		</dict>
		<key>BE57714E16BA8FFA002F42E4</key>
		<dict>
			<key>fileRef</key>
			<string>BE57714D16BA8FFA002F42E4</string>
			<key>isa</key>
			<string>PBXBuildFile</string>
		</dict>
		<key>BE57715016BA9073002F42E4</key>
		<dict>
			<key>fileEncoding</key>
			<string>4</string>
			<key>isa</key>
			<string>PBXFileReference</string>
			<key>lastKnownFileType</key>
			<string>sourcecode.c.objc</string>
			<key>path</key>
			<string>CSApiLoginTests.m</string>
			<key>sourceTree</key>
			<string>&lt;group&gt;</string>
		</dict>
		<key>BE57715116BA9073002F42E4</key>
		<dict>
			<key>fileRef</key>
			<string>BE57715016BA9073002F42E4</string>
			<key>isa</key>
			<string>PBXBuildFile</string>
		</dict>
		<key>BE57715216BABC69002F42E4</key>
		<dict>
			<key>fileEncoding</key>
			<string>4</string>
			<key>indentWidth</key>
			<string>2</string>
			<key>isa</key>
			<string>PBXFileReference</string>
			<key>lastKnownFileType</key>
			<string>text.json</string>
			<key>name</key>
			<string>user_get_response.json</string>
			<key>path</key>
			<string>Fixtures/user_get_response.json</string>
			<key>sourceTree</key>
			<string>&lt;group&gt;</string>
			<key>tabWidth</key>
			<string>2</string>
		</dict>
		<key>BE57715316BABC69002F42E4</key>
		<dict>
			<key>fileRef</key>
			<string>BE57715216BABC69002F42E4</string>
			<key>isa</key>
			<string>PBXBuildFile</string>
		</dict>
		<key>BE57715416BAD046002F42E4</key>
		<dict>
			<key>fileEncoding</key>
			<string>4</string>
			<key>isa</key>
			<string>PBXFileReference</string>
			<key>lastKnownFileType</key>
			<string>sourcecode.c.h</string>
			<key>path</key>
			<string>TestConstants.h</string>
			<key>sourceTree</key>
			<string>&lt;group&gt;</string>
		</dict>
		<key>BE57715516BAD046002F42E4</key>
		<dict>
			<key>fileEncoding</key>
			<string>4</string>
			<key>isa</key>
			<string>PBXFileReference</string>
			<key>lastKnownFileType</key>
			<string>sourcecode.c.objc</string>
			<key>path</key>
			<string>TestConstants.m</string>
			<key>sourceTree</key>
			<string>&lt;group&gt;</string>
		</dict>
		<key>BE57715616BAD046002F42E4</key>
		<dict>
			<key>fileRef</key>
			<string>BE57715516BAD046002F42E4</string>
			<key>isa</key>
			<string>PBXBuildFile</string>
		</dict>
		<key>BE57715716BAD162002F42E4</key>
		<dict>
			<key>fileEncoding</key>
			<string>4</string>
			<key>indentWidth</key>
			<string>4</string>
			<key>isa</key>
			<string>PBXFileReference</string>
			<key>lastKnownFileType</key>
			<string>sourcecode.c.h</string>
			<key>path</key>
			<string>CSAPITestCase.h</string>
			<key>sourceTree</key>
			<string>&lt;group&gt;</string>
			<key>tabWidth</key>
			<string>4</string>
			<key>usesTabs</key>
			<string>0</string>
			<key>wrapsLines</key>
			<string>1</string>
		</dict>
		<key>BE57715816BAD162002F42E4</key>
		<dict>
			<key>fileEncoding</key>
			<string>4</string>
			<key>indentWidth</key>
			<string>4</string>
			<key>isa</key>
			<string>PBXFileReference</string>
			<key>lastKnownFileType</key>
			<string>sourcecode.c.objc</string>
			<key>path</key>
			<string>CSAPITestCase.m</string>
			<key>sourceTree</key>
			<string>&lt;group&gt;</string>
			<key>tabWidth</key>
			<string>4</string>
			<key>usesTabs</key>
			<string>0</string>
			<key>wrapsLines</key>
			<string>1</string>
		</dict>
		<key>BE57715A16BAD163002F42E4</key>
		<dict>
			<key>fileRef</key>
			<string>BE57715816BAD162002F42E4</string>
			<key>isa</key>
			<string>PBXBuildFile</string>
		</dict>
		<key>BEA65A0A16B92F1200F10CB0</key>
		<dict>
			<key>children</key>
			<array>
				<string>BE57715716BAD162002F42E4</string>
				<string>BE57715816BAD162002F42E4</string>
				<string>BEA65A0B16B92F3100F10CB0</string>
				<string>BEA65A0C16B92F3100F10CB0</string>
				<string>BEA65A1116B94E4900F10CB0</string>
				<string>BEA65A1216B94E4900F10CB0</string>
				<string>BE4B14A816B9727300BDDD08</string>
				<string>BE4B14A916B9727300BDDD08</string>
				<string>BE57714C16BA8FFA002F42E4</string>
				<string>BE57714D16BA8FFA002F42E4</string>
				<string>BE57715416BAD046002F42E4</string>
				<string>BE57715516BAD046002F42E4</string>
			</array>
			<key>isa</key>
			<string>PBXGroup</string>
			<key>name</key>
			<string>Utils</string>
			<key>sourceTree</key>
			<string>&lt;group&gt;</string>
		</dict>
		<key>BEA65A0B16B92F3100F10CB0</key>
		<dict>
			<key>fileEncoding</key>
			<string>4</string>
			<key>isa</key>
			<string>PBXFileReference</string>
			<key>lastKnownFileType</key>
			<string>sourcecode.c.h</string>
			<key>path</key>
			<string>TestRequester.h</string>
			<key>sourceTree</key>
			<string>&lt;group&gt;</string>
		</dict>
		<key>BEA65A0C16B92F3100F10CB0</key>
		<dict>
			<key>fileEncoding</key>
			<string>4</string>
			<key>isa</key>
			<string>PBXFileReference</string>
			<key>lastKnownFileType</key>
			<string>sourcecode.c.objc</string>
			<key>path</key>
			<string>TestRequester.m</string>
			<key>sourceTree</key>
			<string>&lt;group&gt;</string>
		</dict>
		<key>BEA65A0D16B92F3100F10CB0</key>
		<dict>
			<key>fileRef</key>
			<string>BEA65A0C16B92F3100F10CB0</string>
			<key>isa</key>
			<string>PBXBuildFile</string>
		</dict>
		<key>BEA65A0F16B94DDF00F10CB0</key>
		<dict>
			<key>fileEncoding</key>
			<string>4</string>
			<key>isa</key>
			<string>PBXFileReference</string>
			<key>lastKnownFileType</key>
			<string>sourcecode.c.objc</string>
			<key>path</key>
			<string>CSApplicationTests.m</string>
			<key>sourceTree</key>
			<string>&lt;group&gt;</string>
		</dict>
		<key>BEA65A1016B94DDF00F10CB0</key>
		<dict>
			<key>fileRef</key>
			<string>BEA65A0F16B94DDF00F10CB0</string>
			<key>isa</key>
			<string>PBXBuildFile</string>
		</dict>
		<key>BEA65A1116B94E4900F10CB0</key>
		<dict>
			<key>fileEncoding</key>
			<string>4</string>
			<key>isa</key>
			<string>PBXFileReference</string>
			<key>lastKnownFileType</key>
			<string>sourcecode.c.h</string>
			<key>path</key>
			<string>TestApi.h</string>
			<key>sourceTree</key>
			<string>&lt;group&gt;</string>
		</dict>
		<key>BEA65A1216B94E4900F10CB0</key>
		<dict>
			<key>fileEncoding</key>
			<string>4</string>
			<key>isa</key>
			<string>PBXFileReference</string>
			<key>lastKnownFileType</key>
			<string>sourcecode.c.objc</string>
			<key>path</key>
			<string>TestApi.m</string>
			<key>sourceTree</key>
			<string>&lt;group&gt;</string>
		</dict>
		<key>BEA65A1316B94E4900F10CB0</key>
		<dict>
			<key>fileRef</key>
			<string>BEA65A1216B94E4900F10CB0</string>
			<key>isa</key>
			<string>PBXBuildFile</string>
		</dict>
		<key>BEA65A1416B9535300F10CB0</key>
		<dict>
			<key>children</key>
			<array>
				<string>BEA65A1516B9537300F10CB0</string>
				<string>BE4B14A616B9722A00BDDD08</string>
				<string>BE57713E16B98EFF002F42E4</string>
				<string>BE57715216BABC69002F42E4</string>
				<string>BEF5304416BFCB03003B8B58</string>
				<string>BEF5306016C124B7003B8B58</string>
			</array>
			<key>isa</key>
			<string>PBXGroup</string>
			<key>name</key>
			<string>Fixtures</string>
			<key>sourceTree</key>
			<string>&lt;group&gt;</string>
		</dict>
		<key>BEA65A1516B9537300F10CB0</key>
		<dict>
			<key>fileEncoding</key>
			<string>4</string>
			<key>isa</key>
			<string>PBXFileReference</string>
			<key>lastKnownFileType</key>
			<string>text.json</string>
			<key>name</key>
			<string>app.json</string>
			<key>path</key>
			<string>Fixtures/app.json</string>
			<key>sourceTree</key>
			<string>&lt;group&gt;</string>
		</dict>
		<key>BEA65A1616B9537300F10CB0</key>
		<dict>
			<key>fileRef</key>
			<string>BEA65A1516B9537300F10CB0</string>
			<key>isa</key>
			<string>PBXBuildFile</string>
		</dict>
		<key>BEF5303F16BC072F003B8B58</key>
		<dict>
			<key>fileEncoding</key>
			<string>4</string>
			<key>isa</key>
			<string>PBXFileReference</string>
			<key>lastKnownFileType</key>
			<string>sourcecode.c.objc</string>
			<key>path</key>
			<string>CSApiGetUserTests.m</string>
			<key>sourceTree</key>
			<string>&lt;group&gt;</string>
		</dict>
		<key>BEF5304016BC072F003B8B58</key>
		<dict>
			<key>fileRef</key>
			<string>BEF5303F16BC072F003B8B58</string>
			<key>isa</key>
			<string>PBXBuildFile</string>
		</dict>
		<key>BEF5304216BFC851003B8B58</key>
		<dict>
			<key>fileEncoding</key>
			<string>4</string>
			<key>isa</key>
			<string>PBXFileReference</string>
			<key>lastKnownFileType</key>
			<string>sourcecode.c.objc</string>
			<key>path</key>
			<string>CSApiSaveUserTests.m</string>
			<key>sourceTree</key>
			<string>&lt;group&gt;</string>
		</dict>
		<key>BEF5304316BFC851003B8B58</key>
		<dict>
			<key>fileRef</key>
			<string>BEF5304216BFC851003B8B58</string>
			<key>isa</key>
			<string>PBXBuildFile</string>
		</dict>
		<key>BEF5304416BFCB03003B8B58</key>
		<dict>
			<key>fileEncoding</key>
			<string>4</string>
			<key>isa</key>
			<string>PBXFileReference</string>
			<key>lastKnownFileType</key>
			<string>text.json</string>
			<key>name</key>
			<string>user_get_response_2.json</string>
			<key>path</key>
			<string>Fixtures/user_get_response_2.json</string>
			<key>sourceTree</key>
			<string>&lt;group&gt;</string>
		</dict>
		<key>BEF5304516BFCB03003B8B58</key>
		<dict>
			<key>fileRef</key>
			<string>BEF5304416BFCB03003B8B58</string>
			<key>isa</key>
			<string>PBXBuildFile</string>
		</dict>
		<key>BEF5306016C124B7003B8B58</key>
		<dict>
			<key>fileEncoding</key>
			<string>4</string>
			<key>isa</key>
			<string>PBXFileReference</string>
			<key>lastKnownFileType</key>
			<string>text.json</string>
			<key>name</key>
			<string>user_conflict_1.json</string>
			<key>path</key>
			<string>Fixtures/user_conflict_1.json</string>
			<key>sourceTree</key>
			<string>&lt;group&gt;</string>
		</dict>
		<key>BEF5306116C124B7003B8B58</key>
		<dict>
			<key>fileRef</key>
			<string>BEF5306016C124B7003B8B58</string>
			<key>isa</key>
			<string>PBXBuildFile</string>
		</dict>
		<key>BEF5306216C1449F003B8B58</key>
		<dict>
			<key>fileEncoding</key>
			<string>4</string>
			<key>isa</key>
			<string>PBXFileReference</string>
			<key>lastKnownFileType</key>
			<string>sourcecode.c.h</string>
			<key>path</key>
			<string>CSAPIRequester.h</string>
			<key>sourceTree</key>
			<string>&lt;group&gt;</string>
		</dict>
		<key>BEF5306316C144A0003B8B58</key>
		<dict>
			<key>fileEncoding</key>
			<string>4</string>
			<key>isa</key>
			<string>PBXFileReference</string>
			<key>lastKnownFileType</key>
			<string>sourcecode.c.objc</string>
			<key>path</key>
			<string>CSAPIRequester.m</string>
			<key>sourceTree</key>
			<string>&lt;group&gt;</string>
		</dict>
		<key>BEF5306416C144A0003B8B58</key>
		<dict>
			<key>fileRef</key>
			<string>BEF5306316C144A0003B8B58</string>
			<key>isa</key>
			<string>PBXBuildFile</string>
		</dict>
		<key>BEF5306616C144BF003B8B58</key>
		<dict>
			<key>fileEncoding</key>
			<string>4</string>
			<key>isa</key>
			<string>PBXFileReference</string>
			<key>lastKnownFileType</key>
			<string>sourcecode.c.objc</string>
			<key>path</key>
			<string>CSAPIRequesterTests.m</string>
			<key>sourceTree</key>
			<string>&lt;group&gt;</string>
		</dict>
		<key>BEF5306716C144BF003B8B58</key>
		<dict>
			<key>fileRef</key>
			<string>BEF5306616C144BF003B8B58</string>
			<key>isa</key>
			<string>PBXBuildFile</string>
		</dict>
		<key>C68FEFEEA74C4920B790C3B7</key>
		<dict>
			<key>includeInIndex</key>
			<string>1</string>
			<key>isa</key>
			<string>PBXFileReference</string>
			<key>lastKnownFileType</key>
			<string>text.xcconfig</string>
			<key>name</key>
			<string>Pods-test.xcconfig</string>
			<key>path</key>
			<string>Pods/Pods-test.xcconfig</string>
			<key>sourceTree</key>
			<string>SOURCE_ROOT</string>
		</dict>
		<key>D0A9D9C4BB3D41BCA4100D6F</key>
		<dict>
			<key>explicitFileType</key>
			<string>archive.ar</string>
			<key>includeInIndex</key>
			<string>0</string>
			<key>isa</key>
			<string>PBXFileReference</string>
			<key>path</key>
			<string>libPods.a</string>
			<key>sourceTree</key>
			<string>BUILT_PRODUCTS_DIR</string>
		</dict>
		<key>E11FCF6D842F44979932768C</key>
		<dict>
			<key>includeInIndex</key>
			<string>1</string>
			<key>isa</key>
			<string>PBXFileReference</string>
			<key>lastKnownFileType</key>
			<string>text.xcconfig</string>
			<key>name</key>
			<string>Pods.xcconfig</string>
			<key>path</key>
			<string>Pods/Pods.xcconfig</string>
			<key>sourceTree</key>
			<string>SOURCE_ROOT</string>
		</dict>
		<key>FCAF943180214A46BE940C0E</key>
		<dict>
			<key>explicitFileType</key>
			<string>archive.ar</string>
			<key>includeInIndex</key>
			<string>0</string>
			<key>isa</key>
			<string>PBXFileReference</string>
			<key>name</key>
			<string>libPods-test.a</string>
			<key>path</key>
			<string>libPods-test.a</string>
			<key>sourceTree</key>
			<string>BUILT_PRODUCTS_DIR</string>
		</dict>
	</dict>
	<key>rootObject</key>
	<string>BE06A4B316B6E54900F345F8</string>
</dict>
</plist>
